// !$*UTF8*$!
{
	archiveVersion = 1;
	classes = {
	};
	objectVersion = 46;
	objects = {
/* Begin PBXBuildFile section */
		0207DA581B56EA530066E2B4 /* Images.xcassets in Resources */ = {isa = PBXBuildFile; fileRef = 0207DA571B56EA530066E2B4 /* Images.xcassets */; };
		1D3623260D0F684500981E51 /* AppDelegate.m in Sources */ = {isa = PBXBuildFile; fileRef = 1D3623250D0F684500981E51 /* AppDelegate.m */; };
		1D60589B0D05DD56006BFB54 /* main.m in Sources */ = {isa = PBXBuildFile; fileRef = 29B97316FDCFA39411CA2CEA /* main.m */; };
		301BF552109A68D80062928A /* libCordova.a in Frameworks */ = {isa = PBXBuildFile; fileRef = 301BF535109A57CC0062928A /* libCordova.a */; };
		302D95F114D2391D003F00A1 /* MainViewController.m in Sources */ = {isa = PBXBuildFile; fileRef = 302D95EF14D2391D003F00A1 /* MainViewController.m */; };
		302D95F214D2391D003F00A1 /* MainViewController.xib in Resources */ = {isa = PBXBuildFile; fileRef = 302D95F014D2391D003F00A1 /* MainViewController.xib */; };
		3047A5121AB8059700498E2A /* build-debug.xcconfig in Resources */ = {isa = PBXBuildFile; fileRef = 3047A50F1AB8059700498E2A /* build-debug.xcconfig */; };
		3047A5131AB8059700498E2A /* build-release.xcconfig in Resources */ = {isa = PBXBuildFile; fileRef = 3047A5101AB8059700498E2A /* build-release.xcconfig */; };
		3047A5141AB8059700498E2A /* build.xcconfig in Resources */ = {isa = PBXBuildFile; fileRef = 3047A5111AB8059700498E2A /* build.xcconfig */; };
		6AFF5BF91D6E424B00AB3073 /* CDVLaunchScreen.storyboard in Resources */ = {isa = PBXBuildFile; fileRef = 6AFF5BF81D6E424B00AB3073 /* CDVLaunchScreen.storyboard */; };
		190D53FE1BC8455FB7FFF53C /* AceNavigationController.mm in Resources */ = {isa = PBXBuildFile; fileRef = 19CDC6D824A44B10958DB937 /* AceNavigationController.mm */; };
		FFF719C492CD4D8D86F5A434 /* AcePluginManager.mm in Resources */ = {isa = PBXBuildFile; fileRef = 63E7BCE826064E9885FDDDD1 /* AcePluginManager.mm */; };
		BC94857D7B9D429792A11FD4 /* AceViewController.mm in Resources */ = {isa = PBXBuildFile; fileRef = 7A6BA37FDB1144E0A843CE16 /* AceViewController.mm */; };
		DA64CFF5B03F4BAB9E6FF387 /* AppBarButton.mm in Resources */ = {isa = PBXBuildFile; fileRef = 08C8213DC5014CC18576A655 /* AppBarButton.mm */; };
		7A1F0EECAFE74DAF8F59907A /* ArcSegment.mm in Resources */ = {isa = PBXBuildFile; fileRef = 6C7A700FD1124EC9A02A75BB /* ArcSegment.mm */; };
		98B7FF5FEC1C4289942103B2 /* BezierSegment.mm in Resources */ = {isa = PBXBuildFile; fileRef = 21E91174FB2744C5B35A3B2B /* BezierSegment.mm */; };
		3295978C391443FDA9682F3E /* BitmapIcon.mm in Resources */ = {isa = PBXBuildFile; fileRef = C881BFCFD6954FA883117C5D /* BitmapIcon.mm */; };
		1391B01580EC4E0BA8AA533F /* BitmapImage.mm in Resources */ = {isa = PBXBuildFile; fileRef = B37112A022704CA0B604F86A /* BitmapImage.mm */; };
		CC280BD6C9F843F5BE7A3519 /* Brush.mm in Resources */ = {isa = PBXBuildFile; fileRef = 14CE7936EB794792B4775E79 /* Brush.mm */; };
		7EF45130C89D4C459AACAF2F /* BrushConverter.mm in Resources */ = {isa = PBXBuildFile; fileRef = 3558297D9F00413091C48852 /* BrushConverter.mm */; };
		AAA5961C173849DB8F11774B /* Button.mm in Resources */ = {isa = PBXBuildFile; fileRef = 59BED6934AD4499CAB46133C /* Button.mm */; };
		8BBC103E41284277A4CABAD9 /* Canvas.mm in Resources */ = {isa = PBXBuildFile; fileRef = 1905C185E1F841749A7CADAC /* Canvas.mm */; };
		D9CBAD3A095247749A0567BC /* Color.mm in Resources */ = {isa = PBXBuildFile; fileRef = E4D8E9E2182340FB86BE644D /* Color.mm */; };
		5AEE3F9289CF4D9DBD75B158 /* ColumnDefinition.mm in Resources */ = {isa = PBXBuildFile; fileRef = 1CD96F10A24949A49ABE1ABD /* ColumnDefinition.mm */; };
		3A56EE62011C42ADA31BDDCB /* ColumnDefinitionCollection.mm in Resources */ = {isa = PBXBuildFile; fileRef = F4ACD8F788CE4E51ABE9A060 /* ColumnDefinitionCollection.mm */; };
		C8D73B0615DC4DE9867A03A6 /* CommandBar.mm in Resources */ = {isa = PBXBuildFile; fileRef = 5BFE2C6F477541A6A6A41FBE /* CommandBar.mm */; };
		35F2F50A3C894D179707AA5A /* CommandBarElementCollection.mm in Resources */ = {isa = PBXBuildFile; fileRef = 2EDB77335722411AB12685A4 /* CommandBarElementCollection.mm */; };
		83FF95D7551C4851A0E66520 /* CustomActionSheet.mm in Resources */ = {isa = PBXBuildFile; fileRef = 3C8A58F5F6224923B9AC331A /* CustomActionSheet.mm */; };
		86E1E1E0E308460CA7204CC5 /* DatePicker.mm in Resources */ = {isa = PBXBuildFile; fileRef = CA552F6760104C3894624865 /* DatePicker.mm */; };
		AA1966D85F4644A88C8061D6 /* Dictionary.mm in Resources */ = {isa = PBXBuildFile; fileRef = AF31B7209428498FB79D7AFD /* Dictionary.mm */; };
		6E09EF328EB84CF5BBB38AD5 /* FontWeightConverter.mm in Resources */ = {isa = PBXBuildFile; fileRef = 734EB98367814113841EFA59 /* FontWeightConverter.mm */; };
		B9A9EBDB54814B45840DCBFD /* Frame.mm in Resources */ = {isa = PBXBuildFile; fileRef = ACDDBD48C3934C12BD325F1C /* Frame.mm */; };
		C7BC8A05D4DC44EDB53AD53E /* Geometry.mm in Resources */ = {isa = PBXBuildFile; fileRef = DE5E6BB985EC4C4BBDB6D102 /* Geometry.mm */; };
		3F7A528DD03649029BDC9C67 /* GeometryContext.mm in Resources */ = {isa = PBXBuildFile; fileRef = 1C7AA57D38E94F7A942A8AAB /* GeometryContext.mm */; };
		01929FCAF8D8494EB961DE07 /* GeometryConverter.mm in Resources */ = {isa = PBXBuildFile; fileRef = 0C1CAAD9DB3140398EBBD34E /* GeometryConverter.mm */; };
		BC2AD333B41141E28B49812B /* GeometryParser.mm in Resources */ = {isa = PBXBuildFile; fileRef = 27C58343205D44978093D0B7 /* GeometryParser.mm */; };
		CB2CB36FC96F419EB5B920A2 /* GradientStop.mm in Resources */ = {isa = PBXBuildFile; fileRef = B33C508C75424C02BC1AA4C8 /* GradientStop.mm */; };
		170DE546760B4642868DFACA /* GradientStopCollection.mm in Resources */ = {isa = PBXBuildFile; fileRef = CB14F659484E4202B6D7D0EB /* GradientStopCollection.mm */; };
		5FEF36F23DB14D1CA4552F25 /* Grid.mm in Resources */ = {isa = PBXBuildFile; fileRef = 4707EFED029444DF95E6B38C /* Grid.mm */; };
		CF7CB905163F440E9008DD94 /* GridLength.mm in Resources */ = {isa = PBXBuildFile; fileRef = B11586D0BA9F45959CC4D6E1 /* GridLength.mm */; };
		BB3190FA95B041C0A445FBFB /* GridLengthConverter.mm in Resources */ = {isa = PBXBuildFile; fileRef = 2089D093FEDF458FA73995C4 /* GridLengthConverter.mm */; };
		EB6F79FC8AC5429285770E40 /* Handle.mm in Resources */ = {isa = PBXBuildFile; fileRef = 010ADA801B2D4ECA9710771F /* Handle.mm */; };
		0936859F1013428E845AEC3A /* HyperlinkButton.mm in Resources */ = {isa = PBXBuildFile; fileRef = CD5F031B79F44E50AC6F0305 /* HyperlinkButton.mm */; };
		18144DA817CA45AE896082B2 /* IconElement.mm in Resources */ = {isa = PBXBuildFile; fileRef = 11FD5802D45F4A08927D03B4 /* IconElement.mm */; };
		81B985171B3A42F09A45F09F /* IncomingMessages.mm in Resources */ = {isa = PBXBuildFile; fileRef = E842CBF3AC224F728D001ACD /* IncomingMessages.mm */; };
		3B7024988A9A43B4B91C50D1 /* InlineCollection.mm in Resources */ = {isa = PBXBuildFile; fileRef = 7FC8390F6B6245ECA49F4338 /* InlineCollection.mm */; };
		EAFDADEBF8E146E9BB1DB428 /* Image.mm in Resources */ = {isa = PBXBuildFile; fileRef = 3B09A7022C924B79B903109C /* Image.mm */; };
		BDA6F9C06F854CA099A259EC /* ImageSource.mm in Resources */ = {isa = PBXBuildFile; fileRef = A5ED25F0EECE4351851BA61B /* ImageSource.mm */; };
		34F471311CE240EBB2122BF8 /* ItemCollection.mm in Resources */ = {isa = PBXBuildFile; fileRef = 6C6602E2DF434183A2B7FCD3 /* ItemCollection.mm */; };
		981CCD04401F47EB90B4C970 /* ItemsControl.mm in Resources */ = {isa = PBXBuildFile; fileRef = D70B31827CA04AABB23AD488 /* ItemsControl.mm */; };
		C5CA7C3A8B3F412B9E633784 /* KnownColors.mm in Resources */ = {isa = PBXBuildFile; fileRef = 32226D40E8684A938D422235 /* KnownColors.mm */; };
		B26607DED5654BFEA238E432 /* LinearGradientBrush.mm in Resources */ = {isa = PBXBuildFile; fileRef = 48919F0AC48D46E7BF207AAB /* LinearGradientBrush.mm */; };
		7D735E7E66484DADA6E6E0F5 /* LineSegment.mm in Resources */ = {isa = PBXBuildFile; fileRef = 21BA86F7969A4ADD8A0452C1 /* LineSegment.mm */; };
		427B20B96F604C8D96E0E86A /* ListBox.mm in Resources */ = {isa = PBXBuildFile; fileRef = 3BFAA822D9654840A168C0CB /* ListBox.mm */; };
		A5721EB5760E48FA9F972FFA /* ListBoxItem.mm in Resources */ = {isa = PBXBuildFile; fileRef = 7E7B93C65A3A47A59AD55AFD /* ListBoxItem.mm */; };
		F5F7F3CC185E4BE5BE7FA08A /* NativeEventAttacher.mm in Resources */ = {isa = PBXBuildFile; fileRef = 40A34493586F477D8C5D24EF /* NativeEventAttacher.mm */; };
		754764310D9E4C9081B4306E /* NativeHost.mm in Resources */ = {isa = PBXBuildFile; fileRef = 923EE38A3CE14304A7C23685 /* NativeHost.mm */; };
		A0DD4BCFAB6D415FAC3C8643 /* ObservableCollection.mm in Resources */ = {isa = PBXBuildFile; fileRef = 50F617F39D514FC3BFE329A8 /* ObservableCollection.mm */; };
		7104EF7B4290420CB512169E /* OutgoingMessages.mm in Resources */ = {isa = PBXBuildFile; fileRef = 48C0D7C222524552962E9E3D /* OutgoingMessages.mm */; };
		3562B5C8B00A48F7B1C8FBF3 /* Page.mm in Resources */ = {isa = PBXBuildFile; fileRef = 0DBFF96BBE40487083E695B4 /* Page.mm */; };
		08C80D70AAA64BDC922728A8 /* Parsers.mm in Resources */ = {isa = PBXBuildFile; fileRef = DFB09FAC8AAF4E78BD763F19 /* Parsers.mm */; };
		31F3D48413D14CE2BE75C429 /* Path.mm in Resources */ = {isa = PBXBuildFile; fileRef = 7551D8A79D2945BAB974FD66 /* Path.mm */; };
		28A501868D8A4558BE070FAF /* PathFigure.mm in Resources */ = {isa = PBXBuildFile; fileRef = 8129D5D44B7F4C019B13E7A1 /* PathFigure.mm */; };
		1FC9803FB0D54071BEC0229F /* PathFigureCollection.mm in Resources */ = {isa = PBXBuildFile; fileRef = 466FEC6C3FE6400BBCBF53FF /* PathFigureCollection.mm */; };
		36CB6F757ADA44BB9686C33F /* PathGeometry.mm in Resources */ = {isa = PBXBuildFile; fileRef = 2D7D3EAA665A43BA947DA1FC /* PathGeometry.mm */; };
		A28BFC7386304EC7BFDDC52D /* PathSegment.mm in Resources */ = {isa = PBXBuildFile; fileRef = 37763127FF9247CE8B3573F7 /* PathSegment.mm */; };
		8E02F539CF68475DAB4D59AB /* PathSegmentCollection.mm in Resources */ = {isa = PBXBuildFile; fileRef = 100102E8F7A84618BEEAAEA1 /* PathSegmentCollection.mm */; };
		8DD39221466542F0A5E08BF9 /* PointCollection.mm in Resources */ = {isa = PBXBuildFile; fileRef = FED0D8E6646747BE823B88EE /* PointCollection.mm */; };
		8223B4D625DC4F9887DDD129 /* PolyBezierSegment.mm in Resources */ = {isa = PBXBuildFile; fileRef = 26FC8C3D32334A8EAD844B01 /* PolyBezierSegment.mm */; };
		9FFB34EF33E44C878628974F /* PolyLineSegment.mm in Resources */ = {isa = PBXBuildFile; fileRef = EA3BE13C96DD433A9ADAAD59 /* PolyLineSegment.mm */; };
		6DD82A50343F409396205994 /* PolyQuadraticBezierSegment.mm in Resources */ = {isa = PBXBuildFile; fileRef = 1373E42F65E748BB9F41221D /* PolyQuadraticBezierSegment.mm */; };
		31A6F911C0F744CB86BA6B56 /* Popup.mm in Resources */ = {isa = PBXBuildFile; fileRef = DF6C9A8B049643019B1D23F0 /* Popup.mm */; };
		BEBEFE908D7B4C5895097A29 /* QuadraticBezierSegment.mm in Resources */ = {isa = PBXBuildFile; fileRef = 077025E31A8D495688F32235 /* QuadraticBezierSegment.mm */; };
		96A301924945468C830E1894 /* RectUtils.mm in Resources */ = {isa = PBXBuildFile; fileRef = 86BC496AB2B147A78420F5D2 /* RectUtils.mm */; };
		806FE45042C54D32A811F039 /* ResourceDictionary.mm in Resources */ = {isa = PBXBuildFile; fileRef = A87EBEFF407643C6B00844DF /* ResourceDictionary.mm */; };
		41C6944447724660BB5269E3 /* RowDefinition.mm in Resources */ = {isa = PBXBuildFile; fileRef = 7CD03687CB824E189E4F1471 /* RowDefinition.mm */; };
		00861EE56BE34F8AB120F6BD /* RowDefinitionCollection.mm in Resources */ = {isa = PBXBuildFile; fileRef = F74402525E954A08AE8C5EC7 /* RowDefinitionCollection.mm */; };
		FB4A5837567F4DC99C29916F /* Selector.mm in Resources */ = {isa = PBXBuildFile; fileRef = F4C42385A4324869AE5C79A2 /* Selector.mm */; };
		48B8BD19E5D14024A4840ED3 /* Setter.mm in Resources */ = {isa = PBXBuildFile; fileRef = 0029178571E74674B2769B55 /* Setter.mm */; };
		B67FE23C133045C4B09AD37B /* SetterBaseCollection.mm in Resources */ = {isa = PBXBuildFile; fileRef = DA0013A2250849EEB9B5416A /* SetterBaseCollection.mm */; };
		9A48AAA02A284906B3DAA404 /* Shape.mm in Resources */ = {isa = PBXBuildFile; fileRef = 35E32BE0E9D9442B92DA4EBA /* Shape.mm */; };
		94E2332E1CEC43B8A52F09CA /* SolidColorBrush.mm in Resources */ = {isa = PBXBuildFile; fileRef = 55EB929AEDE2456DB12640C6 /* SolidColorBrush.mm */; };
		1BC0B3BDEB6A41F69E99980C /* StackPanel.mm in Resources */ = {isa = PBXBuildFile; fileRef = 98905AB508634E9ABE838CF9 /* StackPanel.mm */; };
		297BA9B8B2974626A8A6A10A /* StaticResource.mm in Resources */ = {isa = PBXBuildFile; fileRef = 8662F91031A44990929CF7C1 /* StaticResource.mm */; };
		8678260159B24218A8ED9720 /* Style.mm in Resources */ = {isa = PBXBuildFile; fileRef = EB115546E70D4722BCA6303C /* Style.mm */; };
		FDF56AAB0BD446F295AA7007 /* SymbolIcon.mm in Resources */ = {isa = PBXBuildFile; fileRef = A1EF028D324B402C989703E5 /* SymbolIcon.mm */; };
		A6DAAF1EFD814F30B43839DA /* TabBar.mm in Resources */ = {isa = PBXBuildFile; fileRef = 7C22F29699B24F45957CA07B /* TabBar.mm */; };
		53DA91D7CA5F4C6797213E1B /* TableView.mm in Resources */ = {isa = PBXBuildFile; fileRef = 19404D7DDE0E415FA886B948 /* TableView.mm */; };
		EE4D6F420DDF4D1BB1CFEFB8 /* TableViewCell.mm in Resources */ = {isa = PBXBuildFile; fileRef = D19D88543D5E48CD957C6F51 /* TableViewCell.mm */; };
		56B098A90F174B3EA8902B54 /* TextBlock.mm in Resources */ = {isa = PBXBuildFile; fileRef = 3935D437CC5741D284D04AFC /* TextBlock.mm */; };
		434655E5577A4AD2A3614DD8 /* Thickness.mm in Resources */ = {isa = PBXBuildFile; fileRef = 4829AD391A5A4A50B1BACD41 /* Thickness.mm */; };
		161B6187D7E0407CB70C36B4 /* TimePicker.mm in Resources */ = {isa = PBXBuildFile; fileRef = 235FA273376E4865B05A9273 /* TimePicker.mm */; };
		575CE436DD0643959129F27A /* ToggleSwitch.mm in Resources */ = {isa = PBXBuildFile; fileRef = 109438E54BCF4911A8F592AC /* ToggleSwitch.mm */; };
		66A3EEE7301A4DFD9160E472 /* UIElementCollection.mm in Resources */ = {isa = PBXBuildFile; fileRef = 1FEC8A4F4E3048CFA551EABE /* UIElementCollection.mm */; };
		8DA8B91307444BCC966F75DC /* UILabelHelper.mm in Resources */ = {isa = PBXBuildFile; fileRef = E76E3B5D78D04883A3474A15 /* UILabelHelper.mm */; };
		8847E7F1447449888C29244D /* UIViewHelper.mm in Resources */ = {isa = PBXBuildFile; fileRef = 1805C4C4BAC24B289DBDEEDA /* UIViewHelper.mm */; };
		59263A11AC33421698600341 /* Utils.mm in Resources */ = {isa = PBXBuildFile; fileRef = 1178A985A07E4F7CBFD3E7E2 /* Utils.mm */; };
		BC2FBF53AF7A4DF58306516F /* WebView.mm in Resources */ = {isa = PBXBuildFile; fileRef = 4E5D8241D228437BBE295718 /* WebView.mm */; };
		F7BB14BC6955468C9396B367 /* QuartzCore.framework in Frameworks */ = {isa = PBXBuildFile; fileRef = 3EA075EF15E7455C88EA4CCF /* QuartzCore.framework */; };
/* End PBXBuildFile section */

/* Begin PBXContainerItemProxy section */
		301BF534109A57CC0062928A /* PBXContainerItemProxy */ = {
			isa = PBXContainerItemProxy;
			containerPortal = 301BF52D109A57CC0062928A /* CordovaLib.xcodeproj */;
			proxyType = 2;
			remoteGlobalIDString = D2AAC07E0554694100DB518D;
			remoteInfo = CordovaLib;
		};
		301BF550109A68C00062928A /* PBXContainerItemProxy */ = {
			isa = PBXContainerItemProxy;
			containerPortal = 301BF52D109A57CC0062928A /* CordovaLib.xcodeproj */;
			proxyType = 1;
			remoteGlobalIDString = D2AAC07D0554694100DB518D;
			remoteInfo = CordovaLib;
		};
/* End PBXContainerItemProxy section */

/* Begin PBXFileReference section */
		0207DA571B56EA530066E2B4 /* Images.xcassets */ = {isa = PBXFileReference; lastKnownFileType = folder.assetcatalog; name = Images.xcassets; path = "Skyline/Images.xcassets"; sourceTree = SOURCE_ROOT; };
		1D3623240D0F684500981E51 /* AppDelegate.h */ = {isa = PBXFileReference; fileEncoding = 4; lastKnownFileType = sourcecode.c.h; path = AppDelegate.h; sourceTree = "<group>"; };
		1D3623250D0F684500981E51 /* AppDelegate.m */ = {isa = PBXFileReference; fileEncoding = 4; lastKnownFileType = sourcecode.c.objc; path = AppDelegate.m; sourceTree = "<group>"; };
		1D6058910D05DD3D006BFB54 /* Skyline.app */ = {isa = PBXFileReference; explicitFileType = wrapper.application; includeInIndex = 0; path = "Skyline.app"; sourceTree = BUILT_PRODUCTS_DIR; };
		29B97316FDCFA39411CA2CEA /* main.m */ = {isa = PBXFileReference; fileEncoding = 4; lastKnownFileType = sourcecode.c.objc; path = main.m; sourceTree = "<group>"; };
		301BF52D109A57CC0062928A /* CordovaLib.xcodeproj */ = {isa = PBXFileReference; lastKnownFileType = "wrapper.pb-project"; path = CordovaLib/CordovaLib.xcodeproj; sourceTree = "<group>"; };
		301BF56E109A69640062928A /* www */ = {isa = PBXFileReference; lastKnownFileType = folder; path = www; sourceTree = SOURCE_ROOT; };
		302D95EE14D2391D003F00A1 /* MainViewController.h */ = {isa = PBXFileReference; fileEncoding = 4; lastKnownFileType = sourcecode.c.h; path = MainViewController.h; sourceTree = "<group>"; };
		302D95EF14D2391D003F00A1 /* MainViewController.m */ = {isa = PBXFileReference; fileEncoding = 4; lastKnownFileType = sourcecode.c.objc; path = MainViewController.m; sourceTree = "<group>"; };
		302D95F014D2391D003F00A1 /* MainViewController.xib */ = {isa = PBXFileReference; fileEncoding = 4; lastKnownFileType = file.xib; path = MainViewController.xib; sourceTree = "<group>"; };
		3047A50F1AB8059700498E2A /* build-debug.xcconfig */ = {isa = PBXFileReference; fileEncoding = 4; lastKnownFileType = text.xcconfig; name = "build-debug.xcconfig"; path = cordova/build-debug.xcconfig; sourceTree = SOURCE_ROOT; };
		3047A5101AB8059700498E2A /* build-release.xcconfig */ = {isa = PBXFileReference; fileEncoding = 4; lastKnownFileType = text.xcconfig; name = "build-release.xcconfig"; path = cordova/build-release.xcconfig; sourceTree = SOURCE_ROOT; };
		3047A5111AB8059700498E2A /* build.xcconfig */ = {isa = PBXFileReference; fileEncoding = 4; lastKnownFileType = text.xcconfig; name = build.xcconfig; path = cordova/build.xcconfig; sourceTree = SOURCE_ROOT; };
		32CA4F630368D1EE00C91783 /* Skyline-Prefix.pch */ = {isa = PBXFileReference; fileEncoding = 4; lastKnownFileType = sourcecode.c.h; path = "Skyline-Prefix.pch"; sourceTree = "<group>"; };
		6AFF5BF81D6E424B00AB3073 /* CDVLaunchScreen.storyboard */ = {isa = PBXFileReference; fileEncoding = 4; lastKnownFileType = file.storyboard; name = CDVLaunchScreen.storyboard; path = "Skyline/CDVLaunchScreen.storyboard"; sourceTree = SOURCE_ROOT; };
		8D1107310486CEB800E47090 /* Skyline-Info.plist */ = {isa = PBXFileReference; fileEncoding = 4; lastKnownFileType = text.plist.xml; name = "Skyline-Info.plist"; path = "Skyline/Skyline-Info.plist"; plistStructureDefinitionIdentifier = "com.apple.xcode.plist.structure-definition.iphone.info-plist"; sourceTree = SOURCE_ROOT; };
		EB87FDF31871DA8E0020F90C /* www */ = {isa = PBXFileReference; lastKnownFileType = folder; name = www; path = ../../www; sourceTree = "<group>"; };
		EB87FDF41871DAF40020F90C /* config.xml */ = {isa = PBXFileReference; lastKnownFileType = text.xml; name = config.xml; path = ../../config.xml; sourceTree = "<group>"; };
		F840E1F0165FE0F500CFE078 /* config.xml */ = {isa = PBXFileReference; lastKnownFileType = text.xml; name = config.xml; path = "Skyline/config.xml"; sourceTree = "<group>"; };
		ED33DF2A687741AEAF9F8254 /* Bridging-Header.h */ = {isa = PBXFileReference; fileEncoding = 4; lastKnownFileType = sourcecode.c.h; name = "Bridging-Header.h"; path = "Bridging-Header.h"; sourceTree = "<group>"; };
		19CDC6D824A44B10958DB937 /* AceNavigationController.mm */ = {isa = PBXFileReference; name = "AceNavigationController.mm"; path = "cordova-plugin-ace/AceNavigationController.mm"; sourceTree = "<group>"; fileEncoding = undefined; lastKnownFileType = unknown; explicitFileType = undefined; includeInIndex = 0; };
		63E7BCE826064E9885FDDDD1 /* AcePluginManager.mm */ = {isa = PBXFileReference; name = "AcePluginManager.mm"; path = "cordova-plugin-ace/AcePluginManager.mm"; sourceTree = "<group>"; fileEncoding = undefined; lastKnownFileType = unknown; explicitFileType = undefined; includeInIndex = 0; };
		7A6BA37FDB1144E0A843CE16 /* AceViewController.mm */ = {isa = PBXFileReference; name = "AceViewController.mm"; path = "cordova-plugin-ace/AceViewController.mm"; sourceTree = "<group>"; fileEncoding = undefined; lastKnownFileType = unknown; explicitFileType = undefined; includeInIndex = 0; };
		08C8213DC5014CC18576A655 /* AppBarButton.mm */ = {isa = PBXFileReference; name = "AppBarButton.mm"; path = "cordova-plugin-ace/AppBarButton.mm"; sourceTree = "<group>"; fileEncoding = undefined; lastKnownFileType = unknown; explicitFileType = undefined; includeInIndex = 0; };
		6C7A700FD1124EC9A02A75BB /* ArcSegment.mm */ = {isa = PBXFileReference; name = "ArcSegment.mm"; path = "cordova-plugin-ace/ArcSegment.mm"; sourceTree = "<group>"; fileEncoding = undefined; lastKnownFileType = unknown; explicitFileType = undefined; includeInIndex = 0; };
		21E91174FB2744C5B35A3B2B /* BezierSegment.mm */ = {isa = PBXFileReference; name = "BezierSegment.mm"; path = "cordova-plugin-ace/BezierSegment.mm"; sourceTree = "<group>"; fileEncoding = undefined; lastKnownFileType = unknown; explicitFileType = undefined; includeInIndex = 0; };
		C881BFCFD6954FA883117C5D /* BitmapIcon.mm */ = {isa = PBXFileReference; name = "BitmapIcon.mm"; path = "cordova-plugin-ace/BitmapIcon.mm"; sourceTree = "<group>"; fileEncoding = undefined; lastKnownFileType = unknown; explicitFileType = undefined; includeInIndex = 0; };
		B37112A022704CA0B604F86A /* BitmapImage.mm */ = {isa = PBXFileReference; name = "BitmapImage.mm"; path = "cordova-plugin-ace/BitmapImage.mm"; sourceTree = "<group>"; fileEncoding = undefined; lastKnownFileType = unknown; explicitFileType = undefined; includeInIndex = 0; };
		14CE7936EB794792B4775E79 /* Brush.mm */ = {isa = PBXFileReference; name = "Brush.mm"; path = "cordova-plugin-ace/Brush.mm"; sourceTree = "<group>"; fileEncoding = undefined; lastKnownFileType = unknown; explicitFileType = undefined; includeInIndex = 0; };
		3558297D9F00413091C48852 /* BrushConverter.mm */ = {isa = PBXFileReference; name = "BrushConverter.mm"; path = "cordova-plugin-ace/BrushConverter.mm"; sourceTree = "<group>"; fileEncoding = undefined; lastKnownFileType = unknown; explicitFileType = undefined; includeInIndex = 0; };
		59BED6934AD4499CAB46133C /* Button.mm */ = {isa = PBXFileReference; name = "Button.mm"; path = "cordova-plugin-ace/Button.mm"; sourceTree = "<group>"; fileEncoding = undefined; lastKnownFileType = unknown; explicitFileType = undefined; includeInIndex = 0; };
		1905C185E1F841749A7CADAC /* Canvas.mm */ = {isa = PBXFileReference; name = "Canvas.mm"; path = "cordova-plugin-ace/Canvas.mm"; sourceTree = "<group>"; fileEncoding = undefined; lastKnownFileType = unknown; explicitFileType = undefined; includeInIndex = 0; };
		E4D8E9E2182340FB86BE644D /* Color.mm */ = {isa = PBXFileReference; name = "Color.mm"; path = "cordova-plugin-ace/Color.mm"; sourceTree = "<group>"; fileEncoding = undefined; lastKnownFileType = unknown; explicitFileType = undefined; includeInIndex = 0; };
		1CD96F10A24949A49ABE1ABD /* ColumnDefinition.mm */ = {isa = PBXFileReference; name = "ColumnDefinition.mm"; path = "cordova-plugin-ace/ColumnDefinition.mm"; sourceTree = "<group>"; fileEncoding = undefined; lastKnownFileType = unknown; explicitFileType = undefined; includeInIndex = 0; };
		F4ACD8F788CE4E51ABE9A060 /* ColumnDefinitionCollection.mm */ = {isa = PBXFileReference; name = "ColumnDefinitionCollection.mm"; path = "cordova-plugin-ace/ColumnDefinitionCollection.mm"; sourceTree = "<group>"; fileEncoding = undefined; lastKnownFileType = unknown; explicitFileType = undefined; includeInIndex = 0; };
		5BFE2C6F477541A6A6A41FBE /* CommandBar.mm */ = {isa = PBXFileReference; name = "CommandBar.mm"; path = "cordova-plugin-ace/CommandBar.mm"; sourceTree = "<group>"; fileEncoding = undefined; lastKnownFileType = unknown; explicitFileType = undefined; includeInIndex = 0; };
		2EDB77335722411AB12685A4 /* CommandBarElementCollection.mm */ = {isa = PBXFileReference; name = "CommandBarElementCollection.mm"; path = "cordova-plugin-ace/CommandBarElementCollection.mm"; sourceTree = "<group>"; fileEncoding = undefined; lastKnownFileType = unknown; explicitFileType = undefined; includeInIndex = 0; };
		3C8A58F5F6224923B9AC331A /* CustomActionSheet.mm */ = {isa = PBXFileReference; name = "CustomActionSheet.mm"; path = "cordova-plugin-ace/CustomActionSheet.mm"; sourceTree = "<group>"; fileEncoding = undefined; lastKnownFileType = unknown; explicitFileType = undefined; includeInIndex = 0; };
		CA552F6760104C3894624865 /* DatePicker.mm */ = {isa = PBXFileReference; name = "DatePicker.mm"; path = "cordova-plugin-ace/DatePicker.mm"; sourceTree = "<group>"; fileEncoding = undefined; lastKnownFileType = unknown; explicitFileType = undefined; includeInIndex = 0; };
		AF31B7209428498FB79D7AFD /* Dictionary.mm */ = {isa = PBXFileReference; name = "Dictionary.mm"; path = "cordova-plugin-ace/Dictionary.mm"; sourceTree = "<group>"; fileEncoding = undefined; lastKnownFileType = unknown; explicitFileType = undefined; includeInIndex = 0; };
		734EB98367814113841EFA59 /* FontWeightConverter.mm */ = {isa = PBXFileReference; name = "FontWeightConverter.mm"; path = "cordova-plugin-ace/FontWeightConverter.mm"; sourceTree = "<group>"; fileEncoding = undefined; lastKnownFileType = unknown; explicitFileType = undefined; includeInIndex = 0; };
		ACDDBD48C3934C12BD325F1C /* Frame.mm */ = {isa = PBXFileReference; name = "Frame.mm"; path = "cordova-plugin-ace/Frame.mm"; sourceTree = "<group>"; fileEncoding = undefined; lastKnownFileType = unknown; explicitFileType = undefined; includeInIndex = 0; };
		DE5E6BB985EC4C4BBDB6D102 /* Geometry.mm */ = {isa = PBXFileReference; name = "Geometry.mm"; path = "cordova-plugin-ace/Geometry.mm"; sourceTree = "<group>"; fileEncoding = undefined; lastKnownFileType = unknown; explicitFileType = undefined; includeInIndex = 0; };
		1C7AA57D38E94F7A942A8AAB /* GeometryContext.mm */ = {isa = PBXFileReference; name = "GeometryContext.mm"; path = "cordova-plugin-ace/GeometryContext.mm"; sourceTree = "<group>"; fileEncoding = undefined; lastKnownFileType = unknown; explicitFileType = undefined; includeInIndex = 0; };
		0C1CAAD9DB3140398EBBD34E /* GeometryConverter.mm */ = {isa = PBXFileReference; name = "GeometryConverter.mm"; path = "cordova-plugin-ace/GeometryConverter.mm"; sourceTree = "<group>"; fileEncoding = undefined; lastKnownFileType = unknown; explicitFileType = undefined; includeInIndex = 0; };
		27C58343205D44978093D0B7 /* GeometryParser.mm */ = {isa = PBXFileReference; name = "GeometryParser.mm"; path = "cordova-plugin-ace/GeometryParser.mm"; sourceTree = "<group>"; fileEncoding = undefined; lastKnownFileType = unknown; explicitFileType = undefined; includeInIndex = 0; };
		B33C508C75424C02BC1AA4C8 /* GradientStop.mm */ = {isa = PBXFileReference; name = "GradientStop.mm"; path = "cordova-plugin-ace/GradientStop.mm"; sourceTree = "<group>"; fileEncoding = undefined; lastKnownFileType = unknown; explicitFileType = undefined; includeInIndex = 0; };
		CB14F659484E4202B6D7D0EB /* GradientStopCollection.mm */ = {isa = PBXFileReference; name = "GradientStopCollection.mm"; path = "cordova-plugin-ace/GradientStopCollection.mm"; sourceTree = "<group>"; fileEncoding = undefined; lastKnownFileType = unknown; explicitFileType = undefined; includeInIndex = 0; };
		4707EFED029444DF95E6B38C /* Grid.mm */ = {isa = PBXFileReference; name = "Grid.mm"; path = "cordova-plugin-ace/Grid.mm"; sourceTree = "<group>"; fileEncoding = undefined; lastKnownFileType = unknown; explicitFileType = undefined; includeInIndex = 0; };
		B11586D0BA9F45959CC4D6E1 /* GridLength.mm */ = {isa = PBXFileReference; name = "GridLength.mm"; path = "cordova-plugin-ace/GridLength.mm"; sourceTree = "<group>"; fileEncoding = undefined; lastKnownFileType = unknown; explicitFileType = undefined; includeInIndex = 0; };
		2089D093FEDF458FA73995C4 /* GridLengthConverter.mm */ = {isa = PBXFileReference; name = "GridLengthConverter.mm"; path = "cordova-plugin-ace/GridLengthConverter.mm"; sourceTree = "<group>"; fileEncoding = undefined; lastKnownFileType = unknown; explicitFileType = undefined; includeInIndex = 0; };
		010ADA801B2D4ECA9710771F /* Handle.mm */ = {isa = PBXFileReference; name = "Handle.mm"; path = "cordova-plugin-ace/Handle.mm"; sourceTree = "<group>"; fileEncoding = undefined; lastKnownFileType = unknown; explicitFileType = undefined; includeInIndex = 0; };
		CD5F031B79F44E50AC6F0305 /* HyperlinkButton.mm */ = {isa = PBXFileReference; name = "HyperlinkButton.mm"; path = "cordova-plugin-ace/HyperlinkButton.mm"; sourceTree = "<group>"; fileEncoding = undefined; lastKnownFileType = unknown; explicitFileType = undefined; includeInIndex = 0; };
		11FD5802D45F4A08927D03B4 /* IconElement.mm */ = {isa = PBXFileReference; name = "IconElement.mm"; path = "cordova-plugin-ace/IconElement.mm"; sourceTree = "<group>"; fileEncoding = undefined; lastKnownFileType = unknown; explicitFileType = undefined; includeInIndex = 0; };
		E842CBF3AC224F728D001ACD /* IncomingMessages.mm */ = {isa = PBXFileReference; name = "IncomingMessages.mm"; path = "cordova-plugin-ace/IncomingMessages.mm"; sourceTree = "<group>"; fileEncoding = undefined; lastKnownFileType = unknown; explicitFileType = undefined; includeInIndex = 0; };
		7FC8390F6B6245ECA49F4338 /* InlineCollection.mm */ = {isa = PBXFileReference; name = "InlineCollection.mm"; path = "cordova-plugin-ace/InlineCollection.mm"; sourceTree = "<group>"; fileEncoding = undefined; lastKnownFileType = unknown; explicitFileType = undefined; includeInIndex = 0; };
		3B09A7022C924B79B903109C /* Image.mm */ = {isa = PBXFileReference; name = "Image.mm"; path = "cordova-plugin-ace/Image.mm"; sourceTree = "<group>"; fileEncoding = undefined; lastKnownFileType = unknown; explicitFileType = undefined; includeInIndex = 0; };
		A5ED25F0EECE4351851BA61B /* ImageSource.mm */ = {isa = PBXFileReference; name = "ImageSource.mm"; path = "cordova-plugin-ace/ImageSource.mm"; sourceTree = "<group>"; fileEncoding = undefined; lastKnownFileType = unknown; explicitFileType = undefined; includeInIndex = 0; };
		6C6602E2DF434183A2B7FCD3 /* ItemCollection.mm */ = {isa = PBXFileReference; name = "ItemCollection.mm"; path = "cordova-plugin-ace/ItemCollection.mm"; sourceTree = "<group>"; fileEncoding = undefined; lastKnownFileType = unknown; explicitFileType = undefined; includeInIndex = 0; };
		D70B31827CA04AABB23AD488 /* ItemsControl.mm */ = {isa = PBXFileReference; name = "ItemsControl.mm"; path = "cordova-plugin-ace/ItemsControl.mm"; sourceTree = "<group>"; fileEncoding = undefined; lastKnownFileType = unknown; explicitFileType = undefined; includeInIndex = 0; };
		32226D40E8684A938D422235 /* KnownColors.mm */ = {isa = PBXFileReference; name = "KnownColors.mm"; path = "cordova-plugin-ace/KnownColors.mm"; sourceTree = "<group>"; fileEncoding = undefined; lastKnownFileType = unknown; explicitFileType = undefined; includeInIndex = 0; };
		48919F0AC48D46E7BF207AAB /* LinearGradientBrush.mm */ = {isa = PBXFileReference; name = "LinearGradientBrush.mm"; path = "cordova-plugin-ace/LinearGradientBrush.mm"; sourceTree = "<group>"; fileEncoding = undefined; lastKnownFileType = unknown; explicitFileType = undefined; includeInIndex = 0; };
		21BA86F7969A4ADD8A0452C1 /* LineSegment.mm */ = {isa = PBXFileReference; name = "LineSegment.mm"; path = "cordova-plugin-ace/LineSegment.mm"; sourceTree = "<group>"; fileEncoding = undefined; lastKnownFileType = unknown; explicitFileType = undefined; includeInIndex = 0; };
		3BFAA822D9654840A168C0CB /* ListBox.mm */ = {isa = PBXFileReference; name = "ListBox.mm"; path = "cordova-plugin-ace/ListBox.mm"; sourceTree = "<group>"; fileEncoding = undefined; lastKnownFileType = unknown; explicitFileType = undefined; includeInIndex = 0; };
		7E7B93C65A3A47A59AD55AFD /* ListBoxItem.mm */ = {isa = PBXFileReference; name = "ListBoxItem.mm"; path = "cordova-plugin-ace/ListBoxItem.mm"; sourceTree = "<group>"; fileEncoding = undefined; lastKnownFileType = unknown; explicitFileType = undefined; includeInIndex = 0; };
		40A34493586F477D8C5D24EF /* NativeEventAttacher.mm */ = {isa = PBXFileReference; name = "NativeEventAttacher.mm"; path = "cordova-plugin-ace/NativeEventAttacher.mm"; sourceTree = "<group>"; fileEncoding = undefined; lastKnownFileType = unknown; explicitFileType = undefined; includeInIndex = 0; };
		923EE38A3CE14304A7C23685 /* NativeHost.mm */ = {isa = PBXFileReference; name = "NativeHost.mm"; path = "cordova-plugin-ace/NativeHost.mm"; sourceTree = "<group>"; fileEncoding = undefined; lastKnownFileType = unknown; explicitFileType = undefined; includeInIndex = 0; };
		50F617F39D514FC3BFE329A8 /* ObservableCollection.mm */ = {isa = PBXFileReference; name = "ObservableCollection.mm"; path = "cordova-plugin-ace/ObservableCollection.mm"; sourceTree = "<group>"; fileEncoding = undefined; lastKnownFileType = unknown; explicitFileType = undefined; includeInIndex = 0; };
		48C0D7C222524552962E9E3D /* OutgoingMessages.mm */ = {isa = PBXFileReference; name = "OutgoingMessages.mm"; path = "cordova-plugin-ace/OutgoingMessages.mm"; sourceTree = "<group>"; fileEncoding = undefined; lastKnownFileType = unknown; explicitFileType = undefined; includeInIndex = 0; };
		0DBFF96BBE40487083E695B4 /* Page.mm */ = {isa = PBXFileReference; name = "Page.mm"; path = "cordova-plugin-ace/Page.mm"; sourceTree = "<group>"; fileEncoding = undefined; lastKnownFileType = unknown; explicitFileType = undefined; includeInIndex = 0; };
		DFB09FAC8AAF4E78BD763F19 /* Parsers.mm */ = {isa = PBXFileReference; name = "Parsers.mm"; path = "cordova-plugin-ace/Parsers.mm"; sourceTree = "<group>"; fileEncoding = undefined; lastKnownFileType = unknown; explicitFileType = undefined; includeInIndex = 0; };
		7551D8A79D2945BAB974FD66 /* Path.mm */ = {isa = PBXFileReference; name = "Path.mm"; path = "cordova-plugin-ace/Path.mm"; sourceTree = "<group>"; fileEncoding = undefined; lastKnownFileType = unknown; explicitFileType = undefined; includeInIndex = 0; };
		8129D5D44B7F4C019B13E7A1 /* PathFigure.mm */ = {isa = PBXFileReference; name = "PathFigure.mm"; path = "cordova-plugin-ace/PathFigure.mm"; sourceTree = "<group>"; fileEncoding = undefined; lastKnownFileType = unknown; explicitFileType = undefined; includeInIndex = 0; };
		466FEC6C3FE6400BBCBF53FF /* PathFigureCollection.mm */ = {isa = PBXFileReference; name = "PathFigureCollection.mm"; path = "cordova-plugin-ace/PathFigureCollection.mm"; sourceTree = "<group>"; fileEncoding = undefined; lastKnownFileType = unknown; explicitFileType = undefined; includeInIndex = 0; };
		2D7D3EAA665A43BA947DA1FC /* PathGeometry.mm */ = {isa = PBXFileReference; name = "PathGeometry.mm"; path = "cordova-plugin-ace/PathGeometry.mm"; sourceTree = "<group>"; fileEncoding = undefined; lastKnownFileType = unknown; explicitFileType = undefined; includeInIndex = 0; };
		37763127FF9247CE8B3573F7 /* PathSegment.mm */ = {isa = PBXFileReference; name = "PathSegment.mm"; path = "cordova-plugin-ace/PathSegment.mm"; sourceTree = "<group>"; fileEncoding = undefined; lastKnownFileType = unknown; explicitFileType = undefined; includeInIndex = 0; };
		100102E8F7A84618BEEAAEA1 /* PathSegmentCollection.mm */ = {isa = PBXFileReference; name = "PathSegmentCollection.mm"; path = "cordova-plugin-ace/PathSegmentCollection.mm"; sourceTree = "<group>"; fileEncoding = undefined; lastKnownFileType = unknown; explicitFileType = undefined; includeInIndex = 0; };
		FED0D8E6646747BE823B88EE /* PointCollection.mm */ = {isa = PBXFileReference; name = "PointCollection.mm"; path = "cordova-plugin-ace/PointCollection.mm"; sourceTree = "<group>"; fileEncoding = undefined; lastKnownFileType = unknown; explicitFileType = undefined; includeInIndex = 0; };
		26FC8C3D32334A8EAD844B01 /* PolyBezierSegment.mm */ = {isa = PBXFileReference; name = "PolyBezierSegment.mm"; path = "cordova-plugin-ace/PolyBezierSegment.mm"; sourceTree = "<group>"; fileEncoding = undefined; lastKnownFileType = unknown; explicitFileType = undefined; includeInIndex = 0; };
		EA3BE13C96DD433A9ADAAD59 /* PolyLineSegment.mm */ = {isa = PBXFileReference; name = "PolyLineSegment.mm"; path = "cordova-plugin-ace/PolyLineSegment.mm"; sourceTree = "<group>"; fileEncoding = undefined; lastKnownFileType = unknown; explicitFileType = undefined; includeInIndex = 0; };
		1373E42F65E748BB9F41221D /* PolyQuadraticBezierSegment.mm */ = {isa = PBXFileReference; name = "PolyQuadraticBezierSegment.mm"; path = "cordova-plugin-ace/PolyQuadraticBezierSegment.mm"; sourceTree = "<group>"; fileEncoding = undefined; lastKnownFileType = unknown; explicitFileType = undefined; includeInIndex = 0; };
		DF6C9A8B049643019B1D23F0 /* Popup.mm */ = {isa = PBXFileReference; name = "Popup.mm"; path = "cordova-plugin-ace/Popup.mm"; sourceTree = "<group>"; fileEncoding = undefined; lastKnownFileType = unknown; explicitFileType = undefined; includeInIndex = 0; };
		077025E31A8D495688F32235 /* QuadraticBezierSegment.mm */ = {isa = PBXFileReference; name = "QuadraticBezierSegment.mm"; path = "cordova-plugin-ace/QuadraticBezierSegment.mm"; sourceTree = "<group>"; fileEncoding = undefined; lastKnownFileType = unknown; explicitFileType = undefined; includeInIndex = 0; };
		86BC496AB2B147A78420F5D2 /* RectUtils.mm */ = {isa = PBXFileReference; name = "RectUtils.mm"; path = "cordova-plugin-ace/RectUtils.mm"; sourceTree = "<group>"; fileEncoding = undefined; lastKnownFileType = unknown; explicitFileType = undefined; includeInIndex = 0; };
		A87EBEFF407643C6B00844DF /* ResourceDictionary.mm */ = {isa = PBXFileReference; name = "ResourceDictionary.mm"; path = "cordova-plugin-ace/ResourceDictionary.mm"; sourceTree = "<group>"; fileEncoding = undefined; lastKnownFileType = unknown; explicitFileType = undefined; includeInIndex = 0; };
		7CD03687CB824E189E4F1471 /* RowDefinition.mm */ = {isa = PBXFileReference; name = "RowDefinition.mm"; path = "cordova-plugin-ace/RowDefinition.mm"; sourceTree = "<group>"; fileEncoding = undefined; lastKnownFileType = unknown; explicitFileType = undefined; includeInIndex = 0; };
		F74402525E954A08AE8C5EC7 /* RowDefinitionCollection.mm */ = {isa = PBXFileReference; name = "RowDefinitionCollection.mm"; path = "cordova-plugin-ace/RowDefinitionCollection.mm"; sourceTree = "<group>"; fileEncoding = undefined; lastKnownFileType = unknown; explicitFileType = undefined; includeInIndex = 0; };
		F4C42385A4324869AE5C79A2 /* Selector.mm */ = {isa = PBXFileReference; name = "Selector.mm"; path = "cordova-plugin-ace/Selector.mm"; sourceTree = "<group>"; fileEncoding = undefined; lastKnownFileType = unknown; explicitFileType = undefined; includeInIndex = 0; };
		0029178571E74674B2769B55 /* Setter.mm */ = {isa = PBXFileReference; name = "Setter.mm"; path = "cordova-plugin-ace/Setter.mm"; sourceTree = "<group>"; fileEncoding = undefined; lastKnownFileType = unknown; explicitFileType = undefined; includeInIndex = 0; };
		DA0013A2250849EEB9B5416A /* SetterBaseCollection.mm */ = {isa = PBXFileReference; name = "SetterBaseCollection.mm"; path = "cordova-plugin-ace/SetterBaseCollection.mm"; sourceTree = "<group>"; fileEncoding = undefined; lastKnownFileType = unknown; explicitFileType = undefined; includeInIndex = 0; };
		35E32BE0E9D9442B92DA4EBA /* Shape.mm */ = {isa = PBXFileReference; name = "Shape.mm"; path = "cordova-plugin-ace/Shape.mm"; sourceTree = "<group>"; fileEncoding = undefined; lastKnownFileType = unknown; explicitFileType = undefined; includeInIndex = 0; };
		55EB929AEDE2456DB12640C6 /* SolidColorBrush.mm */ = {isa = PBXFileReference; name = "SolidColorBrush.mm"; path = "cordova-plugin-ace/SolidColorBrush.mm"; sourceTree = "<group>"; fileEncoding = undefined; lastKnownFileType = unknown; explicitFileType = undefined; includeInIndex = 0; };
		98905AB508634E9ABE838CF9 /* StackPanel.mm */ = {isa = PBXFileReference; name = "StackPanel.mm"; path = "cordova-plugin-ace/StackPanel.mm"; sourceTree = "<group>"; fileEncoding = undefined; lastKnownFileType = unknown; explicitFileType = undefined; includeInIndex = 0; };
		8662F91031A44990929CF7C1 /* StaticResource.mm */ = {isa = PBXFileReference; name = "StaticResource.mm"; path = "cordova-plugin-ace/StaticResource.mm"; sourceTree = "<group>"; fileEncoding = undefined; lastKnownFileType = unknown; explicitFileType = undefined; includeInIndex = 0; };
		EB115546E70D4722BCA6303C /* Style.mm */ = {isa = PBXFileReference; name = "Style.mm"; path = "cordova-plugin-ace/Style.mm"; sourceTree = "<group>"; fileEncoding = undefined; lastKnownFileType = unknown; explicitFileType = undefined; includeInIndex = 0; };
		A1EF028D324B402C989703E5 /* SymbolIcon.mm */ = {isa = PBXFileReference; name = "SymbolIcon.mm"; path = "cordova-plugin-ace/SymbolIcon.mm"; sourceTree = "<group>"; fileEncoding = undefined; lastKnownFileType = unknown; explicitFileType = undefined; includeInIndex = 0; };
		7C22F29699B24F45957CA07B /* TabBar.mm */ = {isa = PBXFileReference; name = "TabBar.mm"; path = "cordova-plugin-ace/TabBar.mm"; sourceTree = "<group>"; fileEncoding = undefined; lastKnownFileType = unknown; explicitFileType = undefined; includeInIndex = 0; };
		19404D7DDE0E415FA886B948 /* TableView.mm */ = {isa = PBXFileReference; name = "TableView.mm"; path = "cordova-plugin-ace/TableView.mm"; sourceTree = "<group>"; fileEncoding = undefined; lastKnownFileType = unknown; explicitFileType = undefined; includeInIndex = 0; };
		D19D88543D5E48CD957C6F51 /* TableViewCell.mm */ = {isa = PBXFileReference; name = "TableViewCell.mm"; path = "cordova-plugin-ace/TableViewCell.mm"; sourceTree = "<group>"; fileEncoding = undefined; lastKnownFileType = unknown; explicitFileType = undefined; includeInIndex = 0; };
		3935D437CC5741D284D04AFC /* TextBlock.mm */ = {isa = PBXFileReference; name = "TextBlock.mm"; path = "cordova-plugin-ace/TextBlock.mm"; sourceTree = "<group>"; fileEncoding = undefined; lastKnownFileType = unknown; explicitFileType = undefined; includeInIndex = 0; };
		4829AD391A5A4A50B1BACD41 /* Thickness.mm */ = {isa = PBXFileReference; name = "Thickness.mm"; path = "cordova-plugin-ace/Thickness.mm"; sourceTree = "<group>"; fileEncoding = undefined; lastKnownFileType = unknown; explicitFileType = undefined; includeInIndex = 0; };
		235FA273376E4865B05A9273 /* TimePicker.mm */ = {isa = PBXFileReference; name = "TimePicker.mm"; path = "cordova-plugin-ace/TimePicker.mm"; sourceTree = "<group>"; fileEncoding = undefined; lastKnownFileType = unknown; explicitFileType = undefined; includeInIndex = 0; };
		109438E54BCF4911A8F592AC /* ToggleSwitch.mm */ = {isa = PBXFileReference; name = "ToggleSwitch.mm"; path = "cordova-plugin-ace/ToggleSwitch.mm"; sourceTree = "<group>"; fileEncoding = undefined; lastKnownFileType = unknown; explicitFileType = undefined; includeInIndex = 0; };
		1FEC8A4F4E3048CFA551EABE /* UIElementCollection.mm */ = {isa = PBXFileReference; name = "UIElementCollection.mm"; path = "cordova-plugin-ace/UIElementCollection.mm"; sourceTree = "<group>"; fileEncoding = undefined; lastKnownFileType = unknown; explicitFileType = undefined; includeInIndex = 0; };
		E76E3B5D78D04883A3474A15 /* UILabelHelper.mm */ = {isa = PBXFileReference; name = "UILabelHelper.mm"; path = "cordova-plugin-ace/UILabelHelper.mm"; sourceTree = "<group>"; fileEncoding = undefined; lastKnownFileType = unknown; explicitFileType = undefined; includeInIndex = 0; };
		1805C4C4BAC24B289DBDEEDA /* UIViewHelper.mm */ = {isa = PBXFileReference; name = "UIViewHelper.mm"; path = "cordova-plugin-ace/UIViewHelper.mm"; sourceTree = "<group>"; fileEncoding = undefined; lastKnownFileType = unknown; explicitFileType = undefined; includeInIndex = 0; };
		1178A985A07E4F7CBFD3E7E2 /* Utils.mm */ = {isa = PBXFileReference; name = "Utils.mm"; path = "cordova-plugin-ace/Utils.mm"; sourceTree = "<group>"; fileEncoding = undefined; lastKnownFileType = unknown; explicitFileType = undefined; includeInIndex = 0; };
		4E5D8241D228437BBE295718 /* WebView.mm */ = {isa = PBXFileReference; name = "WebView.mm"; path = "cordova-plugin-ace/WebView.mm"; sourceTree = "<group>"; fileEncoding = undefined; lastKnownFileType = unknown; explicitFileType = undefined; includeInIndex = 0; };
		A577BDB43F1B4751849EAB8B /* AceNavigationController.h */ = {isa = PBXFileReference; name = "AceNavigationController.h"; path = "cordova-plugin-ace/AceNavigationController.h"; sourceTree = "<group>"; fileEncoding = 4; lastKnownFileType = sourcecode.c.h; explicitFileType = undefined; includeInIndex = 0; };
		6B6FADD0D21A4DFB8ABC1046 /* AcePluginManager.h */ = {isa = PBXFileReference; name = "AcePluginManager.h"; path = "cordova-plugin-ace/AcePluginManager.h"; sourceTree = "<group>"; fileEncoding = 4; lastKnownFileType = sourcecode.c.h; explicitFileType = undefined; includeInIndex = 0; };
		945804B57B414D169ACA3D45 /* AceViewController.h */ = {isa = PBXFileReference; name = "AceViewController.h"; path = "cordova-plugin-ace/AceViewController.h"; sourceTree = "<group>"; fileEncoding = 4; lastKnownFileType = sourcecode.c.h; explicitFileType = undefined; includeInIndex = 0; };
		D9505EFD6FC24FD69F28407F /* AppBarButton.h */ = {isa = PBXFileReference; name = "AppBarButton.h"; path = "cordova-plugin-ace/AppBarButton.h"; sourceTree = "<group>"; fileEncoding = 4; lastKnownFileType = sourcecode.c.h; explicitFileType = undefined; includeInIndex = 0; };
		5DCFE057B11047E691137F16 /* ArcSegment.h */ = {isa = PBXFileReference; name = "ArcSegment.h"; path = "cordova-plugin-ace/ArcSegment.h"; sourceTree = "<group>"; fileEncoding = 4; lastKnownFileType = sourcecode.c.h; explicitFileType = undefined; includeInIndex = 0; };
		1EC545CE7BE444BAADBBF28B /* BezierSegment.h */ = {isa = PBXFileReference; name = "BezierSegment.h"; path = "cordova-plugin-ace/BezierSegment.h"; sourceTree = "<group>"; fileEncoding = 4; lastKnownFileType = sourcecode.c.h; explicitFileType = undefined; includeInIndex = 0; };
		0E17D752DF25476A87C737EB /* BitmapIcon.h */ = {isa = PBXFileReference; name = "BitmapIcon.h"; path = "cordova-plugin-ace/BitmapIcon.h"; sourceTree = "<group>"; fileEncoding = 4; lastKnownFileType = sourcecode.c.h; explicitFileType = undefined; includeInIndex = 0; };
		E1226AFE6E3D4816BA8D1A23 /* BitmapImage.h */ = {isa = PBXFileReference; name = "BitmapImage.h"; path = "cordova-plugin-ace/BitmapImage.h"; sourceTree = "<group>"; fileEncoding = 4; lastKnownFileType = sourcecode.c.h; explicitFileType = undefined; includeInIndex = 0; };
		0D7C421D56644BC9AC75BB27 /* Brush.h */ = {isa = PBXFileReference; name = "Brush.h"; path = "cordova-plugin-ace/Brush.h"; sourceTree = "<group>"; fileEncoding = 4; lastKnownFileType = sourcecode.c.h; explicitFileType = undefined; includeInIndex = 0; };
		810D18DCF10042EA97ABAACA /* BrushConverter.h */ = {isa = PBXFileReference; name = "BrushConverter.h"; path = "cordova-plugin-ace/BrushConverter.h"; sourceTree = "<group>"; fileEncoding = 4; lastKnownFileType = sourcecode.c.h; explicitFileType = undefined; includeInIndex = 0; };
		1101D8EBBCBB4A8E952259CA /* Button.h */ = {isa = PBXFileReference; name = "Button.h"; path = "cordova-plugin-ace/Button.h"; sourceTree = "<group>"; fileEncoding = 4; lastKnownFileType = sourcecode.c.h; explicitFileType = undefined; includeInIndex = 0; };
		51A3080E2631448389B213C8 /* Canvas.h */ = {isa = PBXFileReference; name = "Canvas.h"; path = "cordova-plugin-ace/Canvas.h"; sourceTree = "<group>"; fileEncoding = 4; lastKnownFileType = sourcecode.c.h; explicitFileType = undefined; includeInIndex = 0; };
		50E37EF13A194A34A7C1D166 /* Color.h */ = {isa = PBXFileReference; name = "Color.h"; path = "cordova-plugin-ace/Color.h"; sourceTree = "<group>"; fileEncoding = 4; lastKnownFileType = sourcecode.c.h; explicitFileType = undefined; includeInIndex = 0; };
		7BF4B03DCBB4405F9171012C /* ColumnDefinition.h */ = {isa = PBXFileReference; name = "ColumnDefinition.h"; path = "cordova-plugin-ace/ColumnDefinition.h"; sourceTree = "<group>"; fileEncoding = 4; lastKnownFileType = sourcecode.c.h; explicitFileType = undefined; includeInIndex = 0; };
		9379573C918A44C8B3FFDD22 /* ColumnDefinitionCollection.h */ = {isa = PBXFileReference; name = "ColumnDefinitionCollection.h"; path = "cordova-plugin-ace/ColumnDefinitionCollection.h"; sourceTree = "<group>"; fileEncoding = 4; lastKnownFileType = sourcecode.c.h; explicitFileType = undefined; includeInIndex = 0; };
		3D529D58647741B6AC0267FF /* CommandBar.h */ = {isa = PBXFileReference; name = "CommandBar.h"; path = "cordova-plugin-ace/CommandBar.h"; sourceTree = "<group>"; fileEncoding = 4; lastKnownFileType = sourcecode.c.h; explicitFileType = undefined; includeInIndex = 0; };
		1462D619CE32499CBC512EFE /* CommandBarElementCollection.h */ = {isa = PBXFileReference; name = "CommandBarElementCollection.h"; path = "cordova-plugin-ace/CommandBarElementCollection.h"; sourceTree = "<group>"; fileEncoding = 4; lastKnownFileType = sourcecode.c.h; explicitFileType = undefined; includeInIndex = 0; };
		02ADA85F542044769152687C /* CustomActionSheet.h */ = {isa = PBXFileReference; name = "CustomActionSheet.h"; path = "cordova-plugin-ace/CustomActionSheet.h"; sourceTree = "<group>"; fileEncoding = 4; lastKnownFileType = sourcecode.c.h; explicitFileType = undefined; includeInIndex = 0; };
		E6084674E6E548EF9F9700A9 /* DatePicker.h */ = {isa = PBXFileReference; name = "DatePicker.h"; path = "cordova-plugin-ace/DatePicker.h"; sourceTree = "<group>"; fileEncoding = 4; lastKnownFileType = sourcecode.c.h; explicitFileType = undefined; includeInIndex = 0; };
		6591374C54534B4E84B4CAA6 /* Dictionary.h */ = {isa = PBXFileReference; name = "Dictionary.h"; path = "cordova-plugin-ace/Dictionary.h"; sourceTree = "<group>"; fileEncoding = 4; lastKnownFileType = sourcecode.c.h; explicitFileType = undefined; includeInIndex = 0; };
		E2EE7C82CE9E449F9BE3EEC8 /* FontWeightConverter.h */ = {isa = PBXFileReference; name = "FontWeightConverter.h"; path = "cordova-plugin-ace/FontWeightConverter.h"; sourceTree = "<group>"; fileEncoding = 4; lastKnownFileType = sourcecode.c.h; explicitFileType = undefined; includeInIndex = 0; };
		248061C0CC694BF295EBB8EF /* Frame.h */ = {isa = PBXFileReference; name = "Frame.h"; path = "cordova-plugin-ace/Frame.h"; sourceTree = "<group>"; fileEncoding = 4; lastKnownFileType = sourcecode.c.h; explicitFileType = undefined; includeInIndex = 0; };
		9FAC981535954028BC422FED /* Geometry.h */ = {isa = PBXFileReference; name = "Geometry.h"; path = "cordova-plugin-ace/Geometry.h"; sourceTree = "<group>"; fileEncoding = 4; lastKnownFileType = sourcecode.c.h; explicitFileType = undefined; includeInIndex = 0; };
		2671F0DFE21F4ADBAD98E048 /* GeometryContext.h */ = {isa = PBXFileReference; name = "GeometryContext.h"; path = "cordova-plugin-ace/GeometryContext.h"; sourceTree = "<group>"; fileEncoding = 4; lastKnownFileType = sourcecode.c.h; explicitFileType = undefined; includeInIndex = 0; };
		D02FD2DDA09742669EAE2CED /* GeometryConverter.h */ = {isa = PBXFileReference; name = "GeometryConverter.h"; path = "cordova-plugin-ace/GeometryConverter.h"; sourceTree = "<group>"; fileEncoding = 4; lastKnownFileType = sourcecode.c.h; explicitFileType = undefined; includeInIndex = 0; };
		C6655AA9DE224D2C907347A5 /* GeometryParser.h */ = {isa = PBXFileReference; name = "GeometryParser.h"; path = "cordova-plugin-ace/GeometryParser.h"; sourceTree = "<group>"; fileEncoding = 4; lastKnownFileType = sourcecode.c.h; explicitFileType = undefined; includeInIndex = 0; };
		96B16E4D5EED41C4ABDB1A23 /* GradientStop.h */ = {isa = PBXFileReference; name = "GradientStop.h"; path = "cordova-plugin-ace/GradientStop.h"; sourceTree = "<group>"; fileEncoding = 4; lastKnownFileType = sourcecode.c.h; explicitFileType = undefined; includeInIndex = 0; };
		1EE42F28CA2E4C479B1410F6 /* GradientStopCollection.h */ = {isa = PBXFileReference; name = "GradientStopCollection.h"; path = "cordova-plugin-ace/GradientStopCollection.h"; sourceTree = "<group>"; fileEncoding = 4; lastKnownFileType = sourcecode.c.h; explicitFileType = undefined; includeInIndex = 0; };
		1512312133B14ECE92D9AE67 /* Grid.h */ = {isa = PBXFileReference; name = "Grid.h"; path = "cordova-plugin-ace/Grid.h"; sourceTree = "<group>"; fileEncoding = 4; lastKnownFileType = sourcecode.c.h; explicitFileType = undefined; includeInIndex = 0; };
		712CF2AF3C02472AA8C1449C /* GridLength.h */ = {isa = PBXFileReference; name = "GridLength.h"; path = "cordova-plugin-ace/GridLength.h"; sourceTree = "<group>"; fileEncoding = 4; lastKnownFileType = sourcecode.c.h; explicitFileType = undefined; includeInIndex = 0; };
		7598443B59A84CF1BCC988D4 /* GridLengthConverter.h */ = {isa = PBXFileReference; name = "GridLengthConverter.h"; path = "cordova-plugin-ace/GridLengthConverter.h"; sourceTree = "<group>"; fileEncoding = 4; lastKnownFileType = sourcecode.c.h; explicitFileType = undefined; includeInIndex = 0; };
		10C573917B94479C8E437FC8 /* Handle.h */ = {isa = PBXFileReference; name = "Handle.h"; path = "cordova-plugin-ace/Handle.h"; sourceTree = "<group>"; fileEncoding = 4; lastKnownFileType = sourcecode.c.h; explicitFileType = undefined; includeInIndex = 0; };
		796A925A76E44A0698FC1524 /* HyperlinkButton.h */ = {isa = PBXFileReference; name = "HyperlinkButton.h"; path = "cordova-plugin-ace/HyperlinkButton.h"; sourceTree = "<group>"; fileEncoding = 4; lastKnownFileType = sourcecode.c.h; explicitFileType = undefined; includeInIndex = 0; };
		B85FB8B6D2D64E6E87408B70 /* IconElement.h */ = {isa = PBXFileReference; name = "IconElement.h"; path = "cordova-plugin-ace/IconElement.h"; sourceTree = "<group>"; fileEncoding = 4; lastKnownFileType = sourcecode.c.h; explicitFileType = undefined; includeInIndex = 0; };
		E64DE3DA8E7D46519C1C5D71 /* IFireEvents.h */ = {isa = PBXFileReference; name = "IFireEvents.h"; path = "cordova-plugin-ace/IFireEvents.h"; sourceTree = "<group>"; fileEncoding = 4; lastKnownFileType = sourcecode.c.h; explicitFileType = undefined; includeInIndex = 0; };
		CE06BD9220104A05A96A379B /* IHaveProperties.h */ = {isa = PBXFileReference; name = "IHaveProperties.h"; path = "cordova-plugin-ace/IHaveProperties.h"; sourceTree = "<group>"; fileEncoding = 4; lastKnownFileType = sourcecode.c.h; explicitFileType = undefined; includeInIndex = 0; };
		9FBCE761FDEC48ECB5BCD690 /* IncomingMessages.h */ = {isa = PBXFileReference; name = "IncomingMessages.h"; path = "cordova-plugin-ace/IncomingMessages.h"; sourceTree = "<group>"; fileEncoding = 4; lastKnownFileType = sourcecode.c.h; explicitFileType = undefined; includeInIndex = 0; };
		D634105CEF3545F7B0768820 /* InlineCollection.h */ = {isa = PBXFileReference; name = "InlineCollection.h"; path = "cordova-plugin-ace/InlineCollection.h"; sourceTree = "<group>"; fileEncoding = 4; lastKnownFileType = sourcecode.c.h; explicitFileType = undefined; includeInIndex = 0; };
		8D8F0AE445AF4AEE9EC22AEB /* Image.h */ = {isa = PBXFileReference; name = "Image.h"; path = "cordova-plugin-ace/Image.h"; sourceTree = "<group>"; fileEncoding = 4; lastKnownFileType = sourcecode.c.h; explicitFileType = undefined; includeInIndex = 0; };
		0E30B2305C3E4D708DC3A9DD /* ImageSource.h */ = {isa = PBXFileReference; name = "ImageSource.h"; path = "cordova-plugin-ace/ImageSource.h"; sourceTree = "<group>"; fileEncoding = 4; lastKnownFileType = sourcecode.c.h; explicitFileType = undefined; includeInIndex = 0; };
		C7B64C44908F46FEAB32E794 /* IRecieveCollectionChanges.h */ = {isa = PBXFileReference; name = "IRecieveCollectionChanges.h"; path = "cordova-plugin-ace/IRecieveCollectionChanges.h"; sourceTree = "<group>"; fileEncoding = 4; lastKnownFileType = sourcecode.c.h; explicitFileType = undefined; includeInIndex = 0; };
		90525FD8CF114EFAB836BC50 /* ItemCollection.h */ = {isa = PBXFileReference; name = "ItemCollection.h"; path = "cordova-plugin-ace/ItemCollection.h"; sourceTree = "<group>"; fileEncoding = 4; lastKnownFileType = sourcecode.c.h; explicitFileType = undefined; includeInIndex = 0; };
		A07478AA4369469981CFAE3F /* ItemsControl.h */ = {isa = PBXFileReference; name = "ItemsControl.h"; path = "cordova-plugin-ace/ItemsControl.h"; sourceTree = "<group>"; fileEncoding = 4; lastKnownFileType = sourcecode.c.h; explicitFileType = undefined; includeInIndex = 0; };
		E97BF402973A47D7ACAD0553 /* KnownColors.h */ = {isa = PBXFileReference; name = "KnownColors.h"; path = "cordova-plugin-ace/KnownColors.h"; sourceTree = "<group>"; fileEncoding = 4; lastKnownFileType = sourcecode.c.h; explicitFileType = undefined; includeInIndex = 0; };
		7C43D66EF81D46C5B3493756 /* LinearGradientBrush.h */ = {isa = PBXFileReference; name = "LinearGradientBrush.h"; path = "cordova-plugin-ace/LinearGradientBrush.h"; sourceTree = "<group>"; fileEncoding = 4; lastKnownFileType = sourcecode.c.h; explicitFileType = undefined; includeInIndex = 0; };
		A078612142414B9DB17B419C /* LineSegment.h */ = {isa = PBXFileReference; name = "LineSegment.h"; path = "cordova-plugin-ace/LineSegment.h"; sourceTree = "<group>"; fileEncoding = 4; lastKnownFileType = sourcecode.c.h; explicitFileType = undefined; includeInIndex = 0; };
		B7EAE0AFB0E94355A944A2DD /* ListBox.h */ = {isa = PBXFileReference; name = "ListBox.h"; path = "cordova-plugin-ace/ListBox.h"; sourceTree = "<group>"; fileEncoding = 4; lastKnownFileType = sourcecode.c.h; explicitFileType = undefined; includeInIndex = 0; };
		96DAEA27538D454180DA3798 /* ListBoxItem.h */ = {isa = PBXFileReference; name = "ListBoxItem.h"; path = "cordova-plugin-ace/ListBoxItem.h"; sourceTree = "<group>"; fileEncoding = 4; lastKnownFileType = sourcecode.c.h; explicitFileType = undefined; includeInIndex = 0; };
		513F57F2BFBC4112B2CD0A5B /* NativeEventAttacher.h */ = {isa = PBXFileReference; name = "NativeEventAttacher.h"; path = "cordova-plugin-ace/NativeEventAttacher.h"; sourceTree = "<group>"; fileEncoding = 4; lastKnownFileType = sourcecode.c.h; explicitFileType = undefined; includeInIndex = 0; };
		7A8C90CFA2024B168BE6659C /* NativeHost.h */ = {isa = PBXFileReference; name = "NativeHost.h"; path = "cordova-plugin-ace/NativeHost.h"; sourceTree = "<group>"; fileEncoding = 4; lastKnownFileType = sourcecode.c.h; explicitFileType = undefined; includeInIndex = 0; };
		C9A1737918A64FA2B4FE94BE /* ObservableCollection.h */ = {isa = PBXFileReference; name = "ObservableCollection.h"; path = "cordova-plugin-ace/ObservableCollection.h"; sourceTree = "<group>"; fileEncoding = 4; lastKnownFileType = sourcecode.c.h; explicitFileType = undefined; includeInIndex = 0; };
		04346AC5E6034AB4B8F56FA4 /* OutgoingMessages.h */ = {isa = PBXFileReference; name = "OutgoingMessages.h"; path = "cordova-plugin-ace/OutgoingMessages.h"; sourceTree = "<group>"; fileEncoding = 4; lastKnownFileType = sourcecode.c.h; explicitFileType = undefined; includeInIndex = 0; };
		267E3F52E8EB4D38AE6FD9CC /* Page.h */ = {isa = PBXFileReference; name = "Page.h"; path = "cordova-plugin-ace/Page.h"; sourceTree = "<group>"; fileEncoding = 4; lastKnownFileType = sourcecode.c.h; explicitFileType = undefined; includeInIndex = 0; };
		1A48A1E5821E4887A1B06082 /* Parsers.h */ = {isa = PBXFileReference; name = "Parsers.h"; path = "cordova-plugin-ace/Parsers.h"; sourceTree = "<group>"; fileEncoding = 4; lastKnownFileType = sourcecode.c.h; explicitFileType = undefined; includeInIndex = 0; };
		E441C0DB4651410DA30642F5 /* Path.h */ = {isa = PBXFileReference; name = "Path.h"; path = "cordova-plugin-ace/Path.h"; sourceTree = "<group>"; fileEncoding = 4; lastKnownFileType = sourcecode.c.h; explicitFileType = undefined; includeInIndex = 0; };
		9697E224DC184BFC988570DC /* PathFigure.h */ = {isa = PBXFileReference; name = "PathFigure.h"; path = "cordova-plugin-ace/PathFigure.h"; sourceTree = "<group>"; fileEncoding = 4; lastKnownFileType = sourcecode.c.h; explicitFileType = undefined; includeInIndex = 0; };
		F65B69B33DF0495586CDB50C /* PathFigureCollection.h */ = {isa = PBXFileReference; name = "PathFigureCollection.h"; path = "cordova-plugin-ace/PathFigureCollection.h"; sourceTree = "<group>"; fileEncoding = 4; lastKnownFileType = sourcecode.c.h; explicitFileType = undefined; includeInIndex = 0; };
		AC32C10B33BD4ED3A36081CB /* PathGeometry.h */ = {isa = PBXFileReference; name = "PathGeometry.h"; path = "cordova-plugin-ace/PathGeometry.h"; sourceTree = "<group>"; fileEncoding = 4; lastKnownFileType = sourcecode.c.h; explicitFileType = undefined; includeInIndex = 0; };
		6F54119B867A41F79F4776D5 /* PathSegment.h */ = {isa = PBXFileReference; name = "PathSegment.h"; path = "cordova-plugin-ace/PathSegment.h"; sourceTree = "<group>"; fileEncoding = 4; lastKnownFileType = sourcecode.c.h; explicitFileType = undefined; includeInIndex = 0; };
		C727C1C44AA94F4C98A84E42 /* PathSegmentCollection.h */ = {isa = PBXFileReference; name = "PathSegmentCollection.h"; path = "cordova-plugin-ace/PathSegmentCollection.h"; sourceTree = "<group>"; fileEncoding = 4; lastKnownFileType = sourcecode.c.h; explicitFileType = undefined; includeInIndex = 0; };
		BD537A6C45C2479B9AEC7536 /* PointCollection.h */ = {isa = PBXFileReference; name = "PointCollection.h"; path = "cordova-plugin-ace/PointCollection.h"; sourceTree = "<group>"; fileEncoding = 4; lastKnownFileType = sourcecode.c.h; explicitFileType = undefined; includeInIndex = 0; };
		6292EB11A39B48E9A322C384 /* PolyBezierSegment.h */ = {isa = PBXFileReference; name = "PolyBezierSegment.h"; path = "cordova-plugin-ace/PolyBezierSegment.h"; sourceTree = "<group>"; fileEncoding = 4; lastKnownFileType = sourcecode.c.h; explicitFileType = undefined; includeInIndex = 0; };
		6648ED883F574D7C9CE81CD1 /* PolyLineSegment.h */ = {isa = PBXFileReference; name = "PolyLineSegment.h"; path = "cordova-plugin-ace/PolyLineSegment.h"; sourceTree = "<group>"; fileEncoding = 4; lastKnownFileType = sourcecode.c.h; explicitFileType = undefined; includeInIndex = 0; };
		8C3CE940FE454599B6749275 /* PolyQuadraticBezierSegment.h */ = {isa = PBXFileReference; name = "PolyQuadraticBezierSegment.h"; path = "cordova-plugin-ace/PolyQuadraticBezierSegment.h"; sourceTree = "<group>"; fileEncoding = 4; lastKnownFileType = sourcecode.c.h; explicitFileType = undefined; includeInIndex = 0; };
		6211CA54377F410299D91B66 /* Popup.h */ = {isa = PBXFileReference; name = "Popup.h"; path = "cordova-plugin-ace/Popup.h"; sourceTree = "<group>"; fileEncoding = 4; lastKnownFileType = sourcecode.c.h; explicitFileType = undefined; includeInIndex = 0; };
		AC03F50FA47B4D5B842A4072 /* QuadraticBezierSegment.h */ = {isa = PBXFileReference; name = "QuadraticBezierSegment.h"; path = "cordova-plugin-ace/QuadraticBezierSegment.h"; sourceTree = "<group>"; fileEncoding = 4; lastKnownFileType = sourcecode.c.h; explicitFileType = undefined; includeInIndex = 0; };
		FCA957542A0B4601AAC6C7CA /* RectUtils.h */ = {isa = PBXFileReference; name = "RectUtils.h"; path = "cordova-plugin-ace/RectUtils.h"; sourceTree = "<group>"; fileEncoding = 4; lastKnownFileType = sourcecode.c.h; explicitFileType = undefined; includeInIndex = 0; };
		0065588415BC476580A34235 /* ResourceDictionary.h */ = {isa = PBXFileReference; name = "ResourceDictionary.h"; path = "cordova-plugin-ace/ResourceDictionary.h"; sourceTree = "<group>"; fileEncoding = 4; lastKnownFileType = sourcecode.c.h; explicitFileType = undefined; includeInIndex = 0; };
		4095E3815ABC49EBB6277305 /* RowDefinition.h */ = {isa = PBXFileReference; name = "RowDefinition.h"; path = "cordova-plugin-ace/RowDefinition.h"; sourceTree = "<group>"; fileEncoding = 4; lastKnownFileType = sourcecode.c.h; explicitFileType = undefined; includeInIndex = 0; };
		880FD622C6654C23A508100D /* RowDefinitionCollection.h */ = {isa = PBXFileReference; name = "RowDefinitionCollection.h"; path = "cordova-plugin-ace/RowDefinitionCollection.h"; sourceTree = "<group>"; fileEncoding = 4; lastKnownFileType = sourcecode.c.h; explicitFileType = undefined; includeInIndex = 0; };
		80E11DAD19E743F8A56358E9 /* Selector.h */ = {isa = PBXFileReference; name = "Selector.h"; path = "cordova-plugin-ace/Selector.h"; sourceTree = "<group>"; fileEncoding = 4; lastKnownFileType = sourcecode.c.h; explicitFileType = undefined; includeInIndex = 0; };
		32D13F970A25409D8002C816 /* Setter.h */ = {isa = PBXFileReference; name = "Setter.h"; path = "cordova-plugin-ace/Setter.h"; sourceTree = "<group>"; fileEncoding = 4; lastKnownFileType = sourcecode.c.h; explicitFileType = undefined; includeInIndex = 0; };
		96E04F75914C4E6397DDE875 /* SetterBaseCollection.h */ = {isa = PBXFileReference; name = "SetterBaseCollection.h"; path = "cordova-plugin-ace/SetterBaseCollection.h"; sourceTree = "<group>"; fileEncoding = 4; lastKnownFileType = sourcecode.c.h; explicitFileType = undefined; includeInIndex = 0; };
		C3E025619DB642D4A88CCE8C /* Shape.h */ = {isa = PBXFileReference; name = "Shape.h"; path = "cordova-plugin-ace/Shape.h"; sourceTree = "<group>"; fileEncoding = 4; lastKnownFileType = sourcecode.c.h; explicitFileType = undefined; includeInIndex = 0; };
		17BD7C647F494D68802EECD4 /* SolidColorBrush.h */ = {isa = PBXFileReference; name = "SolidColorBrush.h"; path = "cordova-plugin-ace/SolidColorBrush.h"; sourceTree = "<group>"; fileEncoding = 4; lastKnownFileType = sourcecode.c.h; explicitFileType = undefined; includeInIndex = 0; };
		899D9E5911B14E7E8706E94D /* StackPanel.h */ = {isa = PBXFileReference; name = "StackPanel.h"; path = "cordova-plugin-ace/StackPanel.h"; sourceTree = "<group>"; fileEncoding = 4; lastKnownFileType = sourcecode.c.h; explicitFileType = undefined; includeInIndex = 0; };
		ACC2E0F8CC4B4E4F96DD85E1 /* StaticResource.h */ = {isa = PBXFileReference; name = "StaticResource.h"; path = "cordova-plugin-ace/StaticResource.h"; sourceTree = "<group>"; fileEncoding = 4; lastKnownFileType = sourcecode.c.h; explicitFileType = undefined; includeInIndex = 0; };
		CB86AC5536C84E40BE54DA25 /* Style.h */ = {isa = PBXFileReference; name = "Style.h"; path = "cordova-plugin-ace/Style.h"; sourceTree = "<group>"; fileEncoding = 4; lastKnownFileType = sourcecode.c.h; explicitFileType = undefined; includeInIndex = 0; };
		90620998D1144AEA92C72438 /* SymbolIcon.h */ = {isa = PBXFileReference; name = "SymbolIcon.h"; path = "cordova-plugin-ace/SymbolIcon.h"; sourceTree = "<group>"; fileEncoding = 4; lastKnownFileType = sourcecode.c.h; explicitFileType = undefined; includeInIndex = 0; };
		74624E0BCBAA464D869C41E6 /* TabBar.h */ = {isa = PBXFileReference; name = "TabBar.h"; path = "cordova-plugin-ace/TabBar.h"; sourceTree = "<group>"; fileEncoding = 4; lastKnownFileType = sourcecode.c.h; explicitFileType = undefined; includeInIndex = 0; };
		732F6B6ED1B44BAFB71AF335 /* TableView.h */ = {isa = PBXFileReference; name = "TableView.h"; path = "cordova-plugin-ace/TableView.h"; sourceTree = "<group>"; fileEncoding = 4; lastKnownFileType = sourcecode.c.h; explicitFileType = undefined; includeInIndex = 0; };
		494843991C4D4460809103C6 /* TableViewCell.h */ = {isa = PBXFileReference; name = "TableViewCell.h"; path = "cordova-plugin-ace/TableViewCell.h"; sourceTree = "<group>"; fileEncoding = 4; lastKnownFileType = sourcecode.c.h; explicitFileType = undefined; includeInIndex = 0; };
		544D20F05A9743CBBDA0F6D7 /* TextBlock.h */ = {isa = PBXFileReference; name = "TextBlock.h"; path = "cordova-plugin-ace/TextBlock.h"; sourceTree = "<group>"; fileEncoding = 4; lastKnownFileType = sourcecode.c.h; explicitFileType = undefined; includeInIndex = 0; };
		F5313D8AF85549A78DC16263 /* Thickness.h */ = {isa = PBXFileReference; name = "Thickness.h"; path = "cordova-plugin-ace/Thickness.h"; sourceTree = "<group>"; fileEncoding = 4; lastKnownFileType = sourcecode.c.h; explicitFileType = undefined; includeInIndex = 0; };
		DF70CD857ADE4EC2831B175B /* TimePicker.h */ = {isa = PBXFileReference; name = "TimePicker.h"; path = "cordova-plugin-ace/TimePicker.h"; sourceTree = "<group>"; fileEncoding = 4; lastKnownFileType = sourcecode.c.h; explicitFileType = undefined; includeInIndex = 0; };
		C0D2415A087749A79DF9365B /* ToggleSwitch.h */ = {isa = PBXFileReference; name = "ToggleSwitch.h"; path = "cordova-plugin-ace/ToggleSwitch.h"; sourceTree = "<group>"; fileEncoding = 4; lastKnownFileType = sourcecode.c.h; explicitFileType = undefined; includeInIndex = 0; };
		108DACE3A9AE468098916B4E /* UIElementCollection.h */ = {isa = PBXFileReference; name = "UIElementCollection.h"; path = "cordova-plugin-ace/UIElementCollection.h"; sourceTree = "<group>"; fileEncoding = 4; lastKnownFileType = sourcecode.c.h; explicitFileType = undefined; includeInIndex = 0; };
		3FE8077892AB49BEADAFA244 /* UILabelHelper.h */ = {isa = PBXFileReference; name = "UILabelHelper.h"; path = "cordova-plugin-ace/UILabelHelper.h"; sourceTree = "<group>"; fileEncoding = 4; lastKnownFileType = sourcecode.c.h; explicitFileType = undefined; includeInIndex = 0; };
		5E07375CF607456995B4BB71 /* UIViewHelper.h */ = {isa = PBXFileReference; name = "UIViewHelper.h"; path = "cordova-plugin-ace/UIViewHelper.h"; sourceTree = "<group>"; fileEncoding = 4; lastKnownFileType = sourcecode.c.h; explicitFileType = undefined; includeInIndex = 0; };
		67CC1E3AD0A9405984B2995E /* Utils.h */ = {isa = PBXFileReference; name = "Utils.h"; path = "cordova-plugin-ace/Utils.h"; sourceTree = "<group>"; fileEncoding = 4; lastKnownFileType = sourcecode.c.h; explicitFileType = undefined; includeInIndex = 0; };
		7C0026A654554EBD98B29E7A /* WebView.h */ = {isa = PBXFileReference; name = "WebView.h"; path = "cordova-plugin-ace/WebView.h"; sourceTree = "<group>"; fileEncoding = 4; lastKnownFileType = sourcecode.c.h; explicitFileType = undefined; includeInIndex = 0; };
		3EA075EF15E7455C88EA4CCF /* QuartzCore.framework */ = {isa = PBXFileReference; name = "QuartzCore.framework"; path = "System/Library/Frameworks/QuartzCore.framework"; sourceTree = SDKROOT; fileEncoding = undefined; lastKnownFileType = wrapper.framework; explicitFileType = undefined; includeInIndex = 0; };
/* End PBXFileReference section */

/* Begin PBXFrameworksBuildPhase section */
		1D60588F0D05DD3D006BFB54 /* Frameworks */ = {
			isa = PBXFrameworksBuildPhase;
			buildActionMask = 2147483647;
			files = (
				301BF552109A68D80062928A /* libCordova.a in Frameworks */,
				F7BB14BC6955468C9396B367 /* QuartzCore.framework in Frameworks */,
			);
			runOnlyForDeploymentPostprocessing = 0;
		};
/* End PBXFrameworksBuildPhase section */

/* Begin PBXGroup section */
		080E96DDFE201D6D7F000001 /* Classes */ = {
			isa = PBXGroup;
			children = (
				302D95EE14D2391D003F00A1 /* MainViewController.h */,
				302D95EF14D2391D003F00A1 /* MainViewController.m */,
				302D95F014D2391D003F00A1 /* MainViewController.xib */,
				1D3623240D0F684500981E51 /* AppDelegate.h */,
				1D3623250D0F684500981E51 /* AppDelegate.m */,
			);
			name = Classes;
			path = "Skyline/Classes";
			sourceTree = SOURCE_ROOT;
		};
		19C28FACFE9D520D11CA2CBB /* Products */ = {
			isa = PBXGroup;
			children = (
				1D6058910D05DD3D006BFB54 /* Skyline.app */,
			);
			name = Products;
			sourceTree = "<group>";
		};
		29B97314FDCFA39411CA2CEA /* CustomTemplate */ = {
			isa = PBXGroup;
			children = (
				EB87FDF41871DAF40020F90C /* config.xml */,
				EB87FDF31871DA8E0020F90C /* www */,
				EB87FDF11871DA420020F90C /* Staging */,
				301BF52D109A57CC0062928A /* CordovaLib.xcodeproj */,
				080E96DDFE201D6D7F000001 /* Classes */,
				307C750510C5A3420062BCA9 /* Plugins */,
				29B97315FDCFA39411CA2CEA /* Other Sources */,
				29B97317FDCFA39411CA2CEA /* Resources */,
				29B97323FDCFA39411CA2CEA /* Frameworks */,
				19C28FACFE9D520D11CA2CBB /* Products */,
			);
			name = CustomTemplate;
			sourceTree = "<group>";
		};
		29B97315FDCFA39411CA2CEA /* Other Sources */ = {
			isa = PBXGroup;
			children = (
				32CA4F630368D1EE00C91783 /* Skyline-Prefix.pch */,
				29B97316FDCFA39411CA2CEA /* main.m */,
				ED33DF2A687741AEAF9F8254 /* Bridging-Header.h */,
			);
			name = "Other Sources";
			path = "Skyline";
			sourceTree = "<group>";
		};
		29B97317FDCFA39411CA2CEA /* Resources */ = {
			isa = PBXGroup;
			children = (
				0207DA571B56EA530066E2B4 /* Images.xcassets */,
				3047A50E1AB8057F00498E2A /* config */,
				8D1107310486CEB800E47090 /* Skyline-Info.plist */,
				6AFF5BF81D6E424B00AB3073 /* CDVLaunchScreen.storyboard */,
			);
			name = Resources;
			path = "Skyline/Resources";
			sourceTree = "<group>";
		};
		29B97323FDCFA39411CA2CEA /* Frameworks */ = {
			isa = PBXGroup;
			children = (
				3EA075EF15E7455C88EA4CCF /* QuartzCore.framework */,
			);
			name = Frameworks;
			sourceTree = "<group>";
		};
		301BF52E109A57CC0062928A /* Products */ = {
			isa = PBXGroup;
			children = (
				301BF535109A57CC0062928A /* libCordova.a */,
			);
			name = Products;
			sourceTree = "<group>";
		};
		3047A50E1AB8057F00498E2A /* config */ = {
			isa = PBXGroup;
			children = (
				3047A50F1AB8059700498E2A /* build-debug.xcconfig */,
				3047A5101AB8059700498E2A /* build-release.xcconfig */,
				3047A5111AB8059700498E2A /* build.xcconfig */,
			);
			name = config;
			sourceTree = "<group>";
		};
		307C750510C5A3420062BCA9 /* Plugins */ = {
			isa = PBXGroup;
			children = (
				19CDC6D824A44B10958DB937 /* AceNavigationController.mm */,
				63E7BCE826064E9885FDDDD1 /* AcePluginManager.mm */,
				7A6BA37FDB1144E0A843CE16 /* AceViewController.mm */,
				08C8213DC5014CC18576A655 /* AppBarButton.mm */,
				6C7A700FD1124EC9A02A75BB /* ArcSegment.mm */,
				21E91174FB2744C5B35A3B2B /* BezierSegment.mm */,
				C881BFCFD6954FA883117C5D /* BitmapIcon.mm */,
				B37112A022704CA0B604F86A /* BitmapImage.mm */,
				14CE7936EB794792B4775E79 /* Brush.mm */,
				3558297D9F00413091C48852 /* BrushConverter.mm */,
				59BED6934AD4499CAB46133C /* Button.mm */,
				1905C185E1F841749A7CADAC /* Canvas.mm */,
				E4D8E9E2182340FB86BE644D /* Color.mm */,
				1CD96F10A24949A49ABE1ABD /* ColumnDefinition.mm */,
				F4ACD8F788CE4E51ABE9A060 /* ColumnDefinitionCollection.mm */,
				5BFE2C6F477541A6A6A41FBE /* CommandBar.mm */,
				2EDB77335722411AB12685A4 /* CommandBarElementCollection.mm */,
				3C8A58F5F6224923B9AC331A /* CustomActionSheet.mm */,
				CA552F6760104C3894624865 /* DatePicker.mm */,
				AF31B7209428498FB79D7AFD /* Dictionary.mm */,
				734EB98367814113841EFA59 /* FontWeightConverter.mm */,
				ACDDBD48C3934C12BD325F1C /* Frame.mm */,
				DE5E6BB985EC4C4BBDB6D102 /* Geometry.mm */,
				1C7AA57D38E94F7A942A8AAB /* GeometryContext.mm */,
				0C1CAAD9DB3140398EBBD34E /* GeometryConverter.mm */,
				27C58343205D44978093D0B7 /* GeometryParser.mm */,
				B33C508C75424C02BC1AA4C8 /* GradientStop.mm */,
				CB14F659484E4202B6D7D0EB /* GradientStopCollection.mm */,
				4707EFED029444DF95E6B38C /* Grid.mm */,
				B11586D0BA9F45959CC4D6E1 /* GridLength.mm */,
				2089D093FEDF458FA73995C4 /* GridLengthConverter.mm */,
				010ADA801B2D4ECA9710771F /* Handle.mm */,
				CD5F031B79F44E50AC6F0305 /* HyperlinkButton.mm */,
				11FD5802D45F4A08927D03B4 /* IconElement.mm */,
				E842CBF3AC224F728D001ACD /* IncomingMessages.mm */,
				7FC8390F6B6245ECA49F4338 /* InlineCollection.mm */,
				3B09A7022C924B79B903109C /* Image.mm */,
				A5ED25F0EECE4351851BA61B /* ImageSource.mm */,
				6C6602E2DF434183A2B7FCD3 /* ItemCollection.mm */,
				D70B31827CA04AABB23AD488 /* ItemsControl.mm */,
				32226D40E8684A938D422235 /* KnownColors.mm */,
				48919F0AC48D46E7BF207AAB /* LinearGradientBrush.mm */,
				21BA86F7969A4ADD8A0452C1 /* LineSegment.mm */,
				3BFAA822D9654840A168C0CB /* ListBox.mm */,
				7E7B93C65A3A47A59AD55AFD /* ListBoxItem.mm */,
				40A34493586F477D8C5D24EF /* NativeEventAttacher.mm */,
				923EE38A3CE14304A7C23685 /* NativeHost.mm */,
				50F617F39D514FC3BFE329A8 /* ObservableCollection.mm */,
				48C0D7C222524552962E9E3D /* OutgoingMessages.mm */,
				0DBFF96BBE40487083E695B4 /* Page.mm */,
				DFB09FAC8AAF4E78BD763F19 /* Parsers.mm */,
				7551D8A79D2945BAB974FD66 /* Path.mm */,
				8129D5D44B7F4C019B13E7A1 /* PathFigure.mm */,
				466FEC6C3FE6400BBCBF53FF /* PathFigureCollection.mm */,
				2D7D3EAA665A43BA947DA1FC /* PathGeometry.mm */,
				37763127FF9247CE8B3573F7 /* PathSegment.mm */,
				100102E8F7A84618BEEAAEA1 /* PathSegmentCollection.mm */,
				FED0D8E6646747BE823B88EE /* PointCollection.mm */,
				26FC8C3D32334A8EAD844B01 /* PolyBezierSegment.mm */,
				EA3BE13C96DD433A9ADAAD59 /* PolyLineSegment.mm */,
				1373E42F65E748BB9F41221D /* PolyQuadraticBezierSegment.mm */,
				DF6C9A8B049643019B1D23F0 /* Popup.mm */,
				077025E31A8D495688F32235 /* QuadraticBezierSegment.mm */,
				86BC496AB2B147A78420F5D2 /* RectUtils.mm */,
				A87EBEFF407643C6B00844DF /* ResourceDictionary.mm */,
				7CD03687CB824E189E4F1471 /* RowDefinition.mm */,
				F74402525E954A08AE8C5EC7 /* RowDefinitionCollection.mm */,
				F4C42385A4324869AE5C79A2 /* Selector.mm */,
				0029178571E74674B2769B55 /* Setter.mm */,
				DA0013A2250849EEB9B5416A /* SetterBaseCollection.mm */,
				35E32BE0E9D9442B92DA4EBA /* Shape.mm */,
				55EB929AEDE2456DB12640C6 /* SolidColorBrush.mm */,
				98905AB508634E9ABE838CF9 /* StackPanel.mm */,
				8662F91031A44990929CF7C1 /* StaticResource.mm */,
				EB115546E70D4722BCA6303C /* Style.mm */,
				A1EF028D324B402C989703E5 /* SymbolIcon.mm */,
				7C22F29699B24F45957CA07B /* TabBar.mm */,
				19404D7DDE0E415FA886B948 /* TableView.mm */,
				D19D88543D5E48CD957C6F51 /* TableViewCell.mm */,
				3935D437CC5741D284D04AFC /* TextBlock.mm */,
				4829AD391A5A4A50B1BACD41 /* Thickness.mm */,
				235FA273376E4865B05A9273 /* TimePicker.mm */,
				109438E54BCF4911A8F592AC /* ToggleSwitch.mm */,
				1FEC8A4F4E3048CFA551EABE /* UIElementCollection.mm */,
				E76E3B5D78D04883A3474A15 /* UILabelHelper.mm */,
				1805C4C4BAC24B289DBDEEDA /* UIViewHelper.mm */,
				1178A985A07E4F7CBFD3E7E2 /* Utils.mm */,
				4E5D8241D228437BBE295718 /* WebView.mm */,
				A577BDB43F1B4751849EAB8B /* AceNavigationController.h */,
				6B6FADD0D21A4DFB8ABC1046 /* AcePluginManager.h */,
				945804B57B414D169ACA3D45 /* AceViewController.h */,
				D9505EFD6FC24FD69F28407F /* AppBarButton.h */,
				5DCFE057B11047E691137F16 /* ArcSegment.h */,
				1EC545CE7BE444BAADBBF28B /* BezierSegment.h */,
				0E17D752DF25476A87C737EB /* BitmapIcon.h */,
				E1226AFE6E3D4816BA8D1A23 /* BitmapImage.h */,
				0D7C421D56644BC9AC75BB27 /* Brush.h */,
				810D18DCF10042EA97ABAACA /* BrushConverter.h */,
				1101D8EBBCBB4A8E952259CA /* Button.h */,
				51A3080E2631448389B213C8 /* Canvas.h */,
				50E37EF13A194A34A7C1D166 /* Color.h */,
				7BF4B03DCBB4405F9171012C /* ColumnDefinition.h */,
				9379573C918A44C8B3FFDD22 /* ColumnDefinitionCollection.h */,
				3D529D58647741B6AC0267FF /* CommandBar.h */,
				1462D619CE32499CBC512EFE /* CommandBarElementCollection.h */,
				02ADA85F542044769152687C /* CustomActionSheet.h */,
				E6084674E6E548EF9F9700A9 /* DatePicker.h */,
				6591374C54534B4E84B4CAA6 /* Dictionary.h */,
				E2EE7C82CE9E449F9BE3EEC8 /* FontWeightConverter.h */,
				248061C0CC694BF295EBB8EF /* Frame.h */,
				9FAC981535954028BC422FED /* Geometry.h */,
				2671F0DFE21F4ADBAD98E048 /* GeometryContext.h */,
				D02FD2DDA09742669EAE2CED /* GeometryConverter.h */,
				C6655AA9DE224D2C907347A5 /* GeometryParser.h */,
				96B16E4D5EED41C4ABDB1A23 /* GradientStop.h */,
				1EE42F28CA2E4C479B1410F6 /* GradientStopCollection.h */,
				1512312133B14ECE92D9AE67 /* Grid.h */,
				712CF2AF3C02472AA8C1449C /* GridLength.h */,
				7598443B59A84CF1BCC988D4 /* GridLengthConverter.h */,
				10C573917B94479C8E437FC8 /* Handle.h */,
				796A925A76E44A0698FC1524 /* HyperlinkButton.h */,
				B85FB8B6D2D64E6E87408B70 /* IconElement.h */,
				E64DE3DA8E7D46519C1C5D71 /* IFireEvents.h */,
				CE06BD9220104A05A96A379B /* IHaveProperties.h */,
				9FBCE761FDEC48ECB5BCD690 /* IncomingMessages.h */,
				D634105CEF3545F7B0768820 /* InlineCollection.h */,
				8D8F0AE445AF4AEE9EC22AEB /* Image.h */,
				0E30B2305C3E4D708DC3A9DD /* ImageSource.h */,
				C7B64C44908F46FEAB32E794 /* IRecieveCollectionChanges.h */,
				90525FD8CF114EFAB836BC50 /* ItemCollection.h */,
				A07478AA4369469981CFAE3F /* ItemsControl.h */,
				E97BF402973A47D7ACAD0553 /* KnownColors.h */,
				7C43D66EF81D46C5B3493756 /* LinearGradientBrush.h */,
				A078612142414B9DB17B419C /* LineSegment.h */,
				B7EAE0AFB0E94355A944A2DD /* ListBox.h */,
				96DAEA27538D454180DA3798 /* ListBoxItem.h */,
				513F57F2BFBC4112B2CD0A5B /* NativeEventAttacher.h */,
				7A8C90CFA2024B168BE6659C /* NativeHost.h */,
				C9A1737918A64FA2B4FE94BE /* ObservableCollection.h */,
				04346AC5E6034AB4B8F56FA4 /* OutgoingMessages.h */,
				267E3F52E8EB4D38AE6FD9CC /* Page.h */,
				1A48A1E5821E4887A1B06082 /* Parsers.h */,
				E441C0DB4651410DA30642F5 /* Path.h */,
				9697E224DC184BFC988570DC /* PathFigure.h */,
				F65B69B33DF0495586CDB50C /* PathFigureCollection.h */,
				AC32C10B33BD4ED3A36081CB /* PathGeometry.h */,
				6F54119B867A41F79F4776D5 /* PathSegment.h */,
				C727C1C44AA94F4C98A84E42 /* PathSegmentCollection.h */,
				BD537A6C45C2479B9AEC7536 /* PointCollection.h */,
				6292EB11A39B48E9A322C384 /* PolyBezierSegment.h */,
				6648ED883F574D7C9CE81CD1 /* PolyLineSegment.h */,
				8C3CE940FE454599B6749275 /* PolyQuadraticBezierSegment.h */,
				6211CA54377F410299D91B66 /* Popup.h */,
				AC03F50FA47B4D5B842A4072 /* QuadraticBezierSegment.h */,
				FCA957542A0B4601AAC6C7CA /* RectUtils.h */,
				0065588415BC476580A34235 /* ResourceDictionary.h */,
				4095E3815ABC49EBB6277305 /* RowDefinition.h */,
				880FD622C6654C23A508100D /* RowDefinitionCollection.h */,
				80E11DAD19E743F8A56358E9 /* Selector.h */,
				32D13F970A25409D8002C816 /* Setter.h */,
				96E04F75914C4E6397DDE875 /* SetterBaseCollection.h */,
				C3E025619DB642D4A88CCE8C /* Shape.h */,
				17BD7C647F494D68802EECD4 /* SolidColorBrush.h */,
				899D9E5911B14E7E8706E94D /* StackPanel.h */,
				ACC2E0F8CC4B4E4F96DD85E1 /* StaticResource.h */,
				CB86AC5536C84E40BE54DA25 /* Style.h */,
				90620998D1144AEA92C72438 /* SymbolIcon.h */,
				74624E0BCBAA464D869C41E6 /* TabBar.h */,
				732F6B6ED1B44BAFB71AF335 /* TableView.h */,
				494843991C4D4460809103C6 /* TableViewCell.h */,
				544D20F05A9743CBBDA0F6D7 /* TextBlock.h */,
				F5313D8AF85549A78DC16263 /* Thickness.h */,
				DF70CD857ADE4EC2831B175B /* TimePicker.h */,
				C0D2415A087749A79DF9365B /* ToggleSwitch.h */,
				108DACE3A9AE468098916B4E /* UIElementCollection.h */,
				3FE8077892AB49BEADAFA244 /* UILabelHelper.h */,
				5E07375CF607456995B4BB71 /* UIViewHelper.h */,
				67CC1E3AD0A9405984B2995E /* Utils.h */,
				7C0026A654554EBD98B29E7A /* WebView.h */,
			);
			name = Plugins;
			path = "Skyline/Plugins";
			sourceTree = SOURCE_ROOT;
		};
		EB87FDF11871DA420020F90C /* Staging */ = {
			isa = PBXGroup;
			children = (
				F840E1F0165FE0F500CFE078 /* config.xml */,
				301BF56E109A69640062928A /* www */,
			);
			name = Staging;
			sourceTree = "<group>";
		};
/* End PBXGroup section */

/* Begin PBXNativeTarget section */
		1D6058900D05DD3D006BFB54 /* Skyline */ = {
			isa = PBXNativeTarget;
			buildConfigurationList = 1D6058960D05DD3E006BFB54 /* Build configuration list for PBXNativeTarget "Skyline" */;
			buildPhases = (
				304B58A110DAC018002A0835 /* Copy www directory */,
				1D60588D0D05DD3D006BFB54 /* Resources */,
				1D60588E0D05DD3D006BFB54 /* Sources */,
				1D60588F0D05DD3D006BFB54 /* Frameworks */,
			);
			buildRules = (
			);
			dependencies = (
				301BF551109A68C00062928A /* PBXTargetDependency */,
			);
			name = "Skyline";
			productName = "Skyline";
			productReference = 1D6058910D05DD3D006BFB54 /* Skyline.app */;
			productType = "com.apple.product-type.application";
		};
/* End PBXNativeTarget section */

/* Begin PBXProject section */
		29B97313FDCFA39411CA2CEA /* Project object */ = {
			isa = PBXProject;
			attributes = {
				LastUpgradeCheck = 510;
			};
			buildConfigurationList = C01FCF4E08A954540054247B /* Build configuration list for PBXProject "__NON-CLI__" */;
			compatibilityVersion = "Xcode 3.2";
			developmentRegion = English;
			hasScannedForEncodings = 1;
			mainGroup = 29B97314FDCFA39411CA2CEA /* CustomTemplate */;
			projectDirPath = "";
			projectReferences = (
				{
					ProductGroup = 301BF52E109A57CC0062928A /* Products */;
					ProjectRef = 301BF52D109A57CC0062928A /* CordovaLib.xcodeproj */;
				},
			);
			projectRoot = "";
			targets = (
				1D6058900D05DD3D006BFB54 /* Skyline */,
			);
		};
/* End PBXProject section */

/* Begin PBXReferenceProxy section */
		301BF535109A57CC0062928A /* libCordova.a */ = {
			isa = PBXReferenceProxy;
			fileType = archive.ar;
			path = libCordova.a;
			remoteRef = 301BF534109A57CC0062928A /* PBXContainerItemProxy */;
			sourceTree = BUILT_PRODUCTS_DIR;
		};
/* End PBXReferenceProxy section */

/* Begin PBXResourcesBuildPhase section */
		1D60588D0D05DD3D006BFB54 /* Resources */ = {
			isa = PBXResourcesBuildPhase;
			buildActionMask = 2147483647;
			files = (
				302D95F214D2391D003F00A1 /* MainViewController.xib in Resources */,
				0207DA581B56EA530066E2B4 /* Images.xcassets in Resources */,
				6AFF5BF91D6E424B00AB3073 /* CDVLaunchScreen.storyboard in Resources */,
			);
			runOnlyForDeploymentPostprocessing = 0;
		};
/* End PBXResourcesBuildPhase section */

/* Begin PBXShellScriptBuildPhase section */
		304B58A110DAC018002A0835 /* Copy www directory */ = {
			isa = PBXShellScriptBuildPhase;
			buildActionMask = 2147483647;
			files = (
			);
			inputPaths = (
			);
			name = "Copy www directory";
			outputPaths = (
			);
			runOnlyForDeploymentPostprocessing = 0;
			shellPath = /bin/sh;
			shellScript = "NODEJS_PATH=/usr/local/bin; NVM_NODE_PATH=~/.nvm/versions/node/`nvm version 2>/dev/null`/bin; N_NODE_PATH=`find /usr/local/n/versions/node/* -maxdepth 0 -type d 2>/dev/null | tail -1`/bin; XCODE_NODE_PATH=`xcode-select --print-path`/usr/share/xcs/Node/bin; PATH=$NODEJS_PATH:$NVM_NODE_PATH:$N_NODE_PATH:$XCODE_NODE_PATH:$PATH && node cordova/lib/copy-www-build-step.js";
			showEnvVarsInLog = 0;
		};
/* End PBXShellScriptBuildPhase section */

/* Begin PBXSourcesBuildPhase section */
		1D60588E0D05DD3D006BFB54 /* Sources */ = {
			isa = PBXSourcesBuildPhase;
			buildActionMask = 2147483647;
			files = (
				1D60589B0D05DD56006BFB54 /* main.m in Sources */,
				1D3623260D0F684500981E51 /* AppDelegate.m in Sources */,
				302D95F114D2391D003F00A1 /* MainViewController.m in Sources */,
				190D53FE1BC8455FB7FFF53C /* AceNavigationController.mm in Resources */,
				FFF719C492CD4D8D86F5A434 /* AcePluginManager.mm in Resources */,
				BC94857D7B9D429792A11FD4 /* AceViewController.mm in Resources */,
				DA64CFF5B03F4BAB9E6FF387 /* AppBarButton.mm in Resources */,
				7A1F0EECAFE74DAF8F59907A /* ArcSegment.mm in Resources */,
				98B7FF5FEC1C4289942103B2 /* BezierSegment.mm in Resources */,
				3295978C391443FDA9682F3E /* BitmapIcon.mm in Resources */,
				1391B01580EC4E0BA8AA533F /* BitmapImage.mm in Resources */,
				CC280BD6C9F843F5BE7A3519 /* Brush.mm in Resources */,
				7EF45130C89D4C459AACAF2F /* BrushConverter.mm in Resources */,
				AAA5961C173849DB8F11774B /* Button.mm in Resources */,
				8BBC103E41284277A4CABAD9 /* Canvas.mm in Resources */,
				D9CBAD3A095247749A0567BC /* Color.mm in Resources */,
				5AEE3F9289CF4D9DBD75B158 /* ColumnDefinition.mm in Resources */,
				3A56EE62011C42ADA31BDDCB /* ColumnDefinitionCollection.mm in Resources */,
				C8D73B0615DC4DE9867A03A6 /* CommandBar.mm in Resources */,
				35F2F50A3C894D179707AA5A /* CommandBarElementCollection.mm in Resources */,
				83FF95D7551C4851A0E66520 /* CustomActionSheet.mm in Resources */,
				86E1E1E0E308460CA7204CC5 /* DatePicker.mm in Resources */,
				AA1966D85F4644A88C8061D6 /* Dictionary.mm in Resources */,
				6E09EF328EB84CF5BBB38AD5 /* FontWeightConverter.mm in Resources */,
				B9A9EBDB54814B45840DCBFD /* Frame.mm in Resources */,
				C7BC8A05D4DC44EDB53AD53E /* Geometry.mm in Resources */,
				3F7A528DD03649029BDC9C67 /* GeometryContext.mm in Resources */,
				01929FCAF8D8494EB961DE07 /* GeometryConverter.mm in Resources */,
				BC2AD333B41141E28B49812B /* GeometryParser.mm in Resources */,
				CB2CB36FC96F419EB5B920A2 /* GradientStop.mm in Resources */,
				170DE546760B4642868DFACA /* GradientStopCollection.mm in Resources */,
				5FEF36F23DB14D1CA4552F25 /* Grid.mm in Resources */,
				CF7CB905163F440E9008DD94 /* GridLength.mm in Resources */,
				BB3190FA95B041C0A445FBFB /* GridLengthConverter.mm in Resources */,
				EB6F79FC8AC5429285770E40 /* Handle.mm in Resources */,
				0936859F1013428E845AEC3A /* HyperlinkButton.mm in Resources */,
				18144DA817CA45AE896082B2 /* IconElement.mm in Resources */,
				81B985171B3A42F09A45F09F /* IncomingMessages.mm in Resources */,
				3B7024988A9A43B4B91C50D1 /* InlineCollection.mm in Resources */,
				EAFDADEBF8E146E9BB1DB428 /* Image.mm in Resources */,
				BDA6F9C06F854CA099A259EC /* ImageSource.mm in Resources */,
				34F471311CE240EBB2122BF8 /* ItemCollection.mm in Resources */,
				981CCD04401F47EB90B4C970 /* ItemsControl.mm in Resources */,
				C5CA7C3A8B3F412B9E633784 /* KnownColors.mm in Resources */,
				B26607DED5654BFEA238E432 /* LinearGradientBrush.mm in Resources */,
				7D735E7E66484DADA6E6E0F5 /* LineSegment.mm in Resources */,
				427B20B96F604C8D96E0E86A /* ListBox.mm in Resources */,
				A5721EB5760E48FA9F972FFA /* ListBoxItem.mm in Resources */,
				F5F7F3CC185E4BE5BE7FA08A /* NativeEventAttacher.mm in Resources */,
				754764310D9E4C9081B4306E /* NativeHost.mm in Resources */,
				A0DD4BCFAB6D415FAC3C8643 /* ObservableCollection.mm in Resources */,
				7104EF7B4290420CB512169E /* OutgoingMessages.mm in Resources */,
				3562B5C8B00A48F7B1C8FBF3 /* Page.mm in Resources */,
				08C80D70AAA64BDC922728A8 /* Parsers.mm in Resources */,
				31F3D48413D14CE2BE75C429 /* Path.mm in Resources */,
				28A501868D8A4558BE070FAF /* PathFigure.mm in Resources */,
				1FC9803FB0D54071BEC0229F /* PathFigureCollection.mm in Resources */,
				36CB6F757ADA44BB9686C33F /* PathGeometry.mm in Resources */,
				A28BFC7386304EC7BFDDC52D /* PathSegment.mm in Resources */,
				8E02F539CF68475DAB4D59AB /* PathSegmentCollection.mm in Resources */,
				8DD39221466542F0A5E08BF9 /* PointCollection.mm in Resources */,
				8223B4D625DC4F9887DDD129 /* PolyBezierSegment.mm in Resources */,
				9FFB34EF33E44C878628974F /* PolyLineSegment.mm in Resources */,
				6DD82A50343F409396205994 /* PolyQuadraticBezierSegment.mm in Resources */,
				31A6F911C0F744CB86BA6B56 /* Popup.mm in Resources */,
				BEBEFE908D7B4C5895097A29 /* QuadraticBezierSegment.mm in Resources */,
				96A301924945468C830E1894 /* RectUtils.mm in Resources */,
				806FE45042C54D32A811F039 /* ResourceDictionary.mm in Resources */,
				41C6944447724660BB5269E3 /* RowDefinition.mm in Resources */,
				00861EE56BE34F8AB120F6BD /* RowDefinitionCollection.mm in Resources */,
				FB4A5837567F4DC99C29916F /* Selector.mm in Resources */,
				48B8BD19E5D14024A4840ED3 /* Setter.mm in Resources */,
				B67FE23C133045C4B09AD37B /* SetterBaseCollection.mm in Resources */,
				9A48AAA02A284906B3DAA404 /* Shape.mm in Resources */,
				94E2332E1CEC43B8A52F09CA /* SolidColorBrush.mm in Resources */,
				1BC0B3BDEB6A41F69E99980C /* StackPanel.mm in Resources */,
				297BA9B8B2974626A8A6A10A /* StaticResource.mm in Resources */,
				8678260159B24218A8ED9720 /* Style.mm in Resources */,
				FDF56AAB0BD446F295AA7007 /* SymbolIcon.mm in Resources */,
				A6DAAF1EFD814F30B43839DA /* TabBar.mm in Resources */,
				53DA91D7CA5F4C6797213E1B /* TableView.mm in Resources */,
				EE4D6F420DDF4D1BB1CFEFB8 /* TableViewCell.mm in Resources */,
				56B098A90F174B3EA8902B54 /* TextBlock.mm in Resources */,
				434655E5577A4AD2A3614DD8 /* Thickness.mm in Resources */,
				161B6187D7E0407CB70C36B4 /* TimePicker.mm in Resources */,
				575CE436DD0643959129F27A /* ToggleSwitch.mm in Resources */,
				66A3EEE7301A4DFD9160E472 /* UIElementCollection.mm in Resources */,
				8DA8B91307444BCC966F75DC /* UILabelHelper.mm in Resources */,
				8847E7F1447449888C29244D /* UIViewHelper.mm in Resources */,
				59263A11AC33421698600341 /* Utils.mm in Resources */,
				BC2FBF53AF7A4DF58306516F /* WebView.mm in Resources */,
			);
			runOnlyForDeploymentPostprocessing = 0;
		};
/* End PBXSourcesBuildPhase section */

/* Begin PBXTargetDependency section */
		301BF551109A68C00062928A /* PBXTargetDependency */ = {
			isa = PBXTargetDependency;
			name = CordovaLib;
			targetProxy = 301BF550109A68C00062928A /* PBXContainerItemProxy */;
		};
/* End PBXTargetDependency section */

/* Begin XCBuildConfiguration section */
		1D6058940D05DD3E006BFB54 /* Debug */ = {
			isa = XCBuildConfiguration;
			baseConfigurationReference = 3047A50F1AB8059700498E2A /* build-debug.xcconfig */;
			buildSettings = {
				ALWAYS_SEARCH_USER_PATHS = NO;
				ASSETCATALOG_COMPILER_APPICON_NAME = AppIcon;
				ASSETCATALOG_COMPILER_LAUNCHIMAGE_NAME = LaunchImage;
				CLANG_ENABLE_MODULES = YES;
				CLANG_ENABLE_OBJC_ARC = YES;
				COPY_PHASE_STRIP = NO;
				GCC_DYNAMIC_NO_PIC = NO;
				GCC_OPTIMIZATION_LEVEL = 0;
				GCC_PRECOMPILE_PREFIX_HEADER = YES;
				GCC_PREFIX_HEADER = "Skyline/Skyline-Prefix.pch";
				GCC_THUMB_SUPPORT = NO;
				GCC_VERSION = "";
				INFOPLIST_FILE = "Skyline/Skyline-Info.plist";
				IPHONEOS_DEPLOYMENT_TARGET = 9.0;
				LD_RUNPATH_SEARCH_PATHS = "@executable_path/Frameworks";
				TARGETED_DEVICE_FAMILY = "1,2";
				PRODUCT_NAME = "Skyline";
			};
			name = Debug;
		};
		1D6058950D05DD3E006BFB54 /* Release */ = {
			isa = XCBuildConfiguration;
			baseConfigurationReference = 3047A5101AB8059700498E2A /* build-release.xcconfig */;
			buildSettings = {
				ALWAYS_SEARCH_USER_PATHS = NO;
				ASSETCATALOG_COMPILER_APPICON_NAME = AppIcon;
				ASSETCATALOG_COMPILER_LAUNCHIMAGE_NAME = LaunchImage;
				CLANG_ENABLE_MODULES = YES;
				CLANG_ENABLE_OBJC_ARC = YES;
				COPY_PHASE_STRIP = YES;
				GCC_PRECOMPILE_PREFIX_HEADER = YES;
				GCC_PREFIX_HEADER = "Skyline/Skyline-Prefix.pch";
				GCC_THUMB_SUPPORT = NO;
				GCC_VERSION = "";
				INFOPLIST_FILE = "Skyline/Skyline-Info.plist";
				IPHONEOS_DEPLOYMENT_TARGET = 9.0;
				LD_RUNPATH_SEARCH_PATHS = "@executable_path/Frameworks";
				TARGETED_DEVICE_FAMILY = "1,2";
				PRODUCT_NAME = "Skyline";
			};
			name = Release;
		};
		C01FCF4F08A954540054247B /* Debug */ = {
			isa = XCBuildConfiguration;
			baseConfigurationReference = 3047A5111AB8059700498E2A /* build.xcconfig */;
			buildSettings = {
				CLANG_ENABLE_MODULES = YES;
				CLANG_ENABLE_OBJC_ARC = YES;
				CLANG_WARN_BOOL_CONVERSION = YES;
				CLANG_WARN_CONSTANT_CONVERSION = YES;
				CLANG_WARN_EMPTY_BODY = YES;
				CLANG_WARN_ENUM_CONVERSION = YES;
				CLANG_WARN_INT_CONVERSION = YES;
				CLANG_WARN__DUPLICATE_METHOD_MATCH = YES;
				GCC_C_LANGUAGE_STANDARD = c99;
				GCC_THUMB_SUPPORT = NO;
				GCC_VERSION = "";
				GCC_WARN_ABOUT_RETURN_TYPE = YES;
				GCC_WARN_UNDECLARED_SELECTOR = YES;
				GCC_WARN_UNINITIALIZED_AUTOS = YES;
				GCC_WARN_UNUSED_FUNCTION = YES;
				GCC_WARN_UNUSED_VARIABLE = YES;
				ONLY_ACTIVE_ARCH = YES;
				SDKROOT = iphoneos;
				SKIP_INSTALL = NO;
			};
			name = Debug;
		};
		C01FCF5008A954540054247B /* Release */ = {
			isa = XCBuildConfiguration;
			baseConfigurationReference = 3047A5111AB8059700498E2A /* build.xcconfig */;
			buildSettings = {
				CLANG_ENABLE_MODULES = YES;
				CLANG_ENABLE_OBJC_ARC = YES;
				CLANG_WARN_BOOL_CONVERSION = YES;
				CLANG_WARN_CONSTANT_CONVERSION = YES;
				CLANG_WARN_EMPTY_BODY = YES;
				CLANG_WARN_ENUM_CONVERSION = YES;
				CLANG_WARN_INT_CONVERSION = YES;
				CLANG_WARN__DUPLICATE_METHOD_MATCH = YES;
				GCC_C_LANGUAGE_STANDARD = c99;
				GCC_THUMB_SUPPORT = NO;
				GCC_VERSION = "";
				GCC_WARN_ABOUT_RETURN_TYPE = YES;
				GCC_WARN_UNDECLARED_SELECTOR = YES;
				GCC_WARN_UNINITIALIZED_AUTOS = YES;
				GCC_WARN_UNUSED_FUNCTION = YES;
				GCC_WARN_UNUSED_VARIABLE = YES;
				SDKROOT = iphoneos;
				SKIP_INSTALL = NO;
			};
			name = Release;
		};
/* End XCBuildConfiguration section */

/* Begin XCConfigurationList section */
		1D6058960D05DD3E006BFB54 /* Build configuration list for PBXNativeTarget "Skyline" */ = {
			isa = XCConfigurationList;
			buildConfigurations = (
				1D6058940D05DD3E006BFB54 /* Debug */,
				1D6058950D05DD3E006BFB54 /* Release */,
			);
			defaultConfigurationIsVisible = 0;
			defaultConfigurationName = Release;
		};
		C01FCF4E08A954540054247B /* Build configuration list for PBXProject "__NON-CLI__" */ = {
			isa = XCConfigurationList;
			buildConfigurations = (
				C01FCF4F08A954540054247B /* Debug */,
				C01FCF5008A954540054247B /* Release */,
			);
			defaultConfigurationIsVisible = 0;
			defaultConfigurationName = Release;
		};
/* End XCConfigurationList section */
	};
	rootObject = 29B97313FDCFA39411CA2CEA /* Project object */;
}
